
Microsoft Visual Studio Solution File, Format Version 12.00
# Visual Studio Version 16
VisualStudioVersion = 16.0.31729.503
MinimumVisualStudioVersion = 10.0.40219.1
Project("{9A19103F-16F7-4668-BE54-9A1E7A4F7556}") = "DAL", "DAL\DAL.csproj", "{992087DD-9163-41EF-9651-1C781F4B93B2}"
EndProject
Project("{9A19103F-16F7-4668-BE54-9A1E7A4F7556}") = "LibraryLogging", "LibraryLogging\LibraryLogging.csproj", "{37A9D3AA-D765-4FE8-9104-27DEB9A99E59}"
EndProject
Project("{9A19103F-16F7-4668-BE54-9A1E7A4F7556}") = "LoggingAPI", "LoggingAPI\LoggingAPI.csproj", "{1F3BA6CA-0F5C-40F7-8D5A-2BE5C8201E02}"
EndProject
Project("{9A19103F-16F7-4668-BE54-9A1E7A4F7556}") = "MVCWeb", "MVCWeb\MVCWeb.csproj", "{941EC204-82BD-4856-87B2-159A8C0C42E8}"
EndProject
Project("{9A19103F-16F7-4668-BE54-9A1E7A4F7556}") = "WebLogging", "WebLogging\WebLogging.csproj", "{3DC4D2E2-4B81-45C3-A096-CAC3215A6943}"
EndProject
Project("{9A19103F-16F7-4668-BE54-9A1E7A4F7556}") = "WpfStudy", "WpfStudy\WpfStudy.csproj", "{EA4A727D-F5FF-45D0-8706-6C6EC7A0FAF4}"
EndProject
Project("{9A19103F-16F7-4668-BE54-9A1E7A4F7556}") = "HotelReservation", "HotelReservation\HotelReservation.csproj", "{F777F5C0-B5FC-420D-A03A-997C88B89E5C}"
EndProject
Project("{9A19103F-16F7-4668-BE54-9A1E7A4F7556}") = "LazyTask", "LazyTask\LazyTask.csproj", "{83B0B2CB-AF6B-4F1E-8AD6-3CF97953B158}"
EndProject
Project("{FAE04EC0-301F-11D3-BF4B-00C04F79EFBC}") = "PostgresSQLConnect", "PostgresSQLConnect\PostgresSQLConnect.csproj", "{4A73DA04-85EC-468F-A96D-98D4200280A3}"
EndProject
Global
	GlobalSection(SolutionConfigurationPlatforms) = preSolution
		Debug|Any CPU = Debug|Any CPU
		Release|Any CPU = Release|Any CPU
	EndGlobalSection
	GlobalSection(ProjectConfigurationPlatforms) = postSolution
		{992087DD-9163-41EF-9651-1C781F4B93B2}.Debug|Any CPU.ActiveCfg = Debug|Any CPU
		{992087DD-9163-41EF-9651-1C781F4B93B2}.Debug|Any CPU.Build.0 = Debug|Any CPU
		{992087DD-9163-41EF-9651-1C781F4B93B2}.Release|Any CPU.ActiveCfg = Release|Any CPU
		{992087DD-9163-41EF-9651-1C781F4B93B2}.Release|Any CPU.Build.0 = Release|Any CPU
		{37A9D3AA-D765-4FE8-9104-27DEB9A99E59}.Debug|Any CPU.ActiveCfg = Debug|Any CPU
		{37A9D3AA-D765-4FE8-9104-27DEB9A99E59}.Debug|Any CPU.Build.0 = Debug|Any CPU
		{37A9D3AA-D765-4FE8-9104-27DEB9A99E59}.Release|Any CPU.ActiveCfg = Release|Any CPU
		{37A9D3AA-D765-4FE8-9104-27DEB9A99E59}.Release|Any CPU.Build.0 = Release|Any CPU
		{1F3BA6CA-0F5C-40F7-8D5A-2BE5C8201E02}.Debug|Any CPU.ActiveCfg = Debug|Any CPU
		{1F3BA6CA-0F5C-40F7-8D5A-2BE5C8201E02}.Debug|Any CPU.Build.0 = Debug|Any CPU
		{1F3BA6CA-0F5C-40F7-8D5A-2BE5C8201E02}.Release|Any CPU.ActiveCfg = Release|Any CPU
		{1F3BA6CA-0F5C-40F7-8D5A-2BE5C8201E02}.Release|Any CPU.Build.0 = Release|Any CPU
		{941EC204-82BD-4856-87B2-159A8C0C42E8}.Debug|Any CPU.ActiveCfg = Debug|Any CPU
		{941EC204-82BD-4856-87B2-159A8C0C42E8}.Debug|Any CPU.Build.0 = Debug|Any CPU
		{941EC204-82BD-4856-87B2-159A8C0C42E8}.Release|Any CPU.ActiveCfg = Release|Any CPU
		{941EC204-82BD-4856-87B2-159A8C0C42E8}.Release|Any CPU.Build.0 = Release|Any CPU
		{3DC4D2E2-4B81-45C3-A096-CAC3215A6943}.Debug|Any CPU.ActiveCfg = Debug|Any CPU
		{3DC4D2E2-4B81-45C3-A096-CAC3215A6943}.Debug|Any CPU.Build.0 = Debug|Any CPU
		{3DC4D2E2-4B81-45C3-A096-CAC3215A6943}.Release|Any CPU.ActiveCfg = Release|Any CPU
		{3DC4D2E2-4B81-45C3-A096-CAC3215A6943}.Release|Any CPU.Build.0 = Release|Any CPU
		{EA4A727D-F5FF-45D0-8706-6C6EC7A0FAF4}.Debug|Any CPU.ActiveCfg = Debug|Any CPU
		{EA4A727D-F5FF-45D0-8706-6C6EC7A0FAF4}.Debug|Any CPU.Build.0 = Debug|Any CPU
		{EA4A727D-F5FF-45D0-8706-6C6EC7A0FAF4}.Release|Any CPU.ActiveCfg = Release|Any CPU
		{EA4A727D-F5FF-45D0-8706-6C6EC7A0FAF4}.Release|Any CPU.Build.0 = Release|Any CPU
		{F777F5C0-B5FC-420D-A03A-997C88B89E5C}.Debug|Any CPU.ActiveCfg = Debug|Any CPU
		{F777F5C0-B5FC-420D-A03A-997C88B89E5C}.Debug|Any CPU.Build.0 = Debug|Any CPU
		{F777F5C0-B5FC-420D-A03A-997C88B89E5C}.Release|Any CPU.ActiveCfg = Release|Any CPU
		{F777F5C0-B5FC-420D-A03A-997C88B89E5C}.Release|Any CPU.Build.0 = Release|Any CPU
		{83B0B2CB-AF6B-4F1E-8AD6-3CF97953B158}.Debug|Any CPU.ActiveCfg = Debug|Any CPU
		{83B0B2CB-AF6B-4F1E-8AD6-3CF97953B158}.Debug|Any CPU.Build.0 = Debug|Any CPU
		{83B0B2CB-AF6B-4F1E-8AD6-3CF97953B158}.Release|Any CPU.ActiveCfg = Release|Any CPU
		{83B0B2CB-AF6B-4F1E-8AD6-3CF97953B158}.Release|Any CPU.Build.0 = Release|Any CPU
		{4A73DA04-85EC-468F-A96D-98D4200280A3}.Debug|Any CPU.ActiveCfg = Debug|Any CPU
		{4A73DA04-85EC-468F-A96D-98D4200280A3}.Debug|Any CPU.Build.0 = Debug|Any CPU
		{4A73DA04-85EC-468F-A96D-98D4200280A3}.Release|Any CPU.ActiveCfg = Release|Any CPU
		{4A73DA04-85EC-468F-A96D-98D4200280A3}.Release|Any CPU.Build.0 = Release|Any CPU
	EndGlobalSection
	GlobalSection(SolutionProperties) = preSolution
		HideSolutionNode = FALSE
	EndGlobalSection
	GlobalSection(ExtensibilityGlobals) = postSolution
		SolutionGuid = {EB13B7C9-D6FA-4F7D-B512-6801589BC299}
	EndGlobalSection
EndGlobal
