
Microsoft Visual Studio Solution File, Format Version 12.00
# Visual Studio Version 16
VisualStudioVersion = 16.0.31729.503
MinimumVisualStudioVersion = 10.0.40219.1
Project("{9A19103F-16F7-4668-BE54-9A1E7A4F7556}") = "DAL", "DAL\DAL.csproj", "{992087DD-9163-41EF-9651-1C781F4B93B2}"
EndProject
Project("{9A19103F-16F7-4668-BE54-9A1E7A4F7556}") = "LibraryLogging", "LibraryLogging\LibraryLogging.csproj", "{37A9D3AA-D765-4FE8-9104-27DEB9A99E59}"
EndProject
Project("{9A19103F-16F7-4668-BE54-9A1E7A4F7556}") = "LoggingAPI", "LoggingAPI\LoggingAPI.csproj", "{1F3BA6CA-0F5C-40F7-8D5A-2BE5C8201E02}"
EndProject
Project("{9A19103F-16F7-4668-BE54-9A1E7A4F7556}") = "MVCWeb", "MVCWeb\MVCWeb.csproj", "{941EC204-82BD-4856-87B2-159A8C0C42E8}"
EndProject
Project("{9A19103F-16F7-4668-BE54-9A1E7A4F7556}") = "WebLogging", "WebLogging\WebLogging.csproj", "{3DC4D2E2-4B81-45C3-A096-CAC3215A6943}"
EndProject
Project("{9A19103F-16F7-4668-BE54-9A1E7A4F7556}") = "WpfStudy", "WpfStudy\WpfStudy.csproj", "{EA4A727D-F5FF-45D0-8706-6C6EC7A0FAF4}"
EndProject
Project("{9A19103F-16F7-4668-BE54-9A1E7A4F7556}") = "HotelReservation", "HotelReservation\HotelReservation.csproj", "{F777F5C0-B5FC-420D-A03A-997C88B89E5C}"
EndProject
Project("{9A19103F-16F7-4668-BE54-9A1E7A4F7556}") = "LazyTask", "LazyTask\LazyTask.csproj", "{83B0B2CB-AF6B-4F1E-8AD6-3CF97953B158}"
EndProject
Project("{9A19103F-16F7-4668-BE54-9A1E7A4F7556}") = "PostgresSQLConnect", "PostgresSQLConnect\PostgresSQLConnect.csproj", "{4A73DA04-85EC-468F-A96D-98D4200280A3}"
EndProject
Project("{9A19103F-16F7-4668-BE54-9A1E7A4F7556}") = "BitWiseOperator", "BitWiseOperator\BitWiseOperator.csproj", "{14C01EC5-60CB-4967-BDD6-DED4EE1841E5}"
EndProject
Project("{9A19103F-16F7-4668-BE54-9A1E7A4F7556}") = "TestProject", "TestProject\TestProject.csproj", "{63E13A18-E149-48A5-8D36-3D7DC4E4A37A}"
EndProject
Project("{9A19103F-16F7-4668-BE54-9A1E7A4F7556}") = "WPFMaterialDesignStudy", "WPFMaterialDesignStudy\WPFMaterialDesignStudy.csproj", "{8CD24CF7-32A0-46A1-9F7D-A37BDA1971EF}"
EndProject
Project("{FAE04EC0-301F-11D3-BF4B-00C04F79EFBC}") = "MSAMobApp.Android", "MSAMobApp\MSAMobApp.Android\MSAMobApp.Android.csproj", "{77A09FF5-32C0-438F-856D-0D0A2491933C}"
EndProject
Project("{FAE04EC0-301F-11D3-BF4B-00C04F79EFBC}") = "MSAMobApp.iOS", "MSAMobApp\MSAMobApp.iOS\MSAMobApp.iOS.csproj", "{8FB70D88-2C92-4C4C-B1CA-3C26B1A3D726}"
EndProject
Project("{9A19103F-16F7-4668-BE54-9A1E7A4F7556}") = "MSAMobApp", "MSAMobApp\MSAMobApp\MSAMobApp.csproj", "{F93F2B27-DBC4-44E7-9A4F-C3180F969B22}"
EndProject
Project("{9A19103F-16F7-4668-BE54-9A1E7A4F7556}") = "WHMSolution", "WHMSolution\WHMSolution.csproj", "{67F0CA0A-B55B-4907-A752-4E6D708B7D24}"
EndProject
Project("{9A19103F-16F7-4668-BE54-9A1E7A4F7556}") = "WHMAPI", "WHMAPI\WHMAPI.csproj", "{02BDA434-50E6-4FA7-B985-42920D08084A}"
EndProject
Project("{FAE04EC0-301F-11D3-BF4B-00C04F79EFBC}") = "SCMDAL", "SCMDAL\SCMDAL.csproj", "{79E2BEBE-12C5-42CB-BDDF-D8B11BE9C935}"
EndProject
Global
	GlobalSection(SolutionConfigurationPlatforms) = preSolution
		Debug|Any CPU = Debug|Any CPU
		Debug|iPhone = Debug|iPhone
		Debug|iPhoneSimulator = Debug|iPhoneSimulator
		Release|Any CPU = Release|Any CPU
		Release|iPhone = Release|iPhone
		Release|iPhoneSimulator = Release|iPhoneSimulator
	EndGlobalSection
	GlobalSection(ProjectConfigurationPlatforms) = postSolution
		{992087DD-9163-41EF-9651-1C781F4B93B2}.Debug|Any CPU.ActiveCfg = Debug|Any CPU
		{992087DD-9163-41EF-9651-1C781F4B93B2}.Debug|Any CPU.Build.0 = Debug|Any CPU
		{992087DD-9163-41EF-9651-1C781F4B93B2}.Debug|iPhone.ActiveCfg = Debug|Any CPU
		{992087DD-9163-41EF-9651-1C781F4B93B2}.Debug|iPhone.Build.0 = Debug|Any CPU
		{992087DD-9163-41EF-9651-1C781F4B93B2}.Debug|iPhoneSimulator.ActiveCfg = Debug|Any CPU
		{992087DD-9163-41EF-9651-1C781F4B93B2}.Debug|iPhoneSimulator.Build.0 = Debug|Any CPU
		{992087DD-9163-41EF-9651-1C781F4B93B2}.Release|Any CPU.ActiveCfg = Release|Any CPU
		{992087DD-9163-41EF-9651-1C781F4B93B2}.Release|Any CPU.Build.0 = Release|Any CPU
		{992087DD-9163-41EF-9651-1C781F4B93B2}.Release|iPhone.ActiveCfg = Release|Any CPU
		{992087DD-9163-41EF-9651-1C781F4B93B2}.Release|iPhone.Build.0 = Release|Any CPU
		{992087DD-9163-41EF-9651-1C781F4B93B2}.Release|iPhoneSimulator.ActiveCfg = Release|Any CPU
		{992087DD-9163-41EF-9651-1C781F4B93B2}.Release|iPhoneSimulator.Build.0 = Release|Any CPU
		{37A9D3AA-D765-4FE8-9104-27DEB9A99E59}.Debug|Any CPU.ActiveCfg = Debug|Any CPU
		{37A9D3AA-D765-4FE8-9104-27DEB9A99E59}.Debug|Any CPU.Build.0 = Debug|Any CPU
		{37A9D3AA-D765-4FE8-9104-27DEB9A99E59}.Debug|iPhone.ActiveCfg = Debug|Any CPU
		{37A9D3AA-D765-4FE8-9104-27DEB9A99E59}.Debug|iPhone.Build.0 = Debug|Any CPU
		{37A9D3AA-D765-4FE8-9104-27DEB9A99E59}.Debug|iPhoneSimulator.ActiveCfg = Debug|Any CPU
		{37A9D3AA-D765-4FE8-9104-27DEB9A99E59}.Debug|iPhoneSimulator.Build.0 = Debug|Any CPU
		{37A9D3AA-D765-4FE8-9104-27DEB9A99E59}.Release|Any CPU.ActiveCfg = Release|Any CPU
		{37A9D3AA-D765-4FE8-9104-27DEB9A99E59}.Release|Any CPU.Build.0 = Release|Any CPU
		{37A9D3AA-D765-4FE8-9104-27DEB9A99E59}.Release|iPhone.ActiveCfg = Release|Any CPU
		{37A9D3AA-D765-4FE8-9104-27DEB9A99E59}.Release|iPhone.Build.0 = Release|Any CPU
		{37A9D3AA-D765-4FE8-9104-27DEB9A99E59}.Release|iPhoneSimulator.ActiveCfg = Release|Any CPU
		{37A9D3AA-D765-4FE8-9104-27DEB9A99E59}.Release|iPhoneSimulator.Build.0 = Release|Any CPU
		{1F3BA6CA-0F5C-40F7-8D5A-2BE5C8201E02}.Debug|Any CPU.ActiveCfg = Debug|Any CPU
		{1F3BA6CA-0F5C-40F7-8D5A-2BE5C8201E02}.Debug|Any CPU.Build.0 = Debug|Any CPU
		{1F3BA6CA-0F5C-40F7-8D5A-2BE5C8201E02}.Debug|iPhone.ActiveCfg = Debug|Any CPU
		{1F3BA6CA-0F5C-40F7-8D5A-2BE5C8201E02}.Debug|iPhone.Build.0 = Debug|Any CPU
		{1F3BA6CA-0F5C-40F7-8D5A-2BE5C8201E02}.Debug|iPhoneSimulator.ActiveCfg = Debug|Any CPU
		{1F3BA6CA-0F5C-40F7-8D5A-2BE5C8201E02}.Debug|iPhoneSimulator.Build.0 = Debug|Any CPU
		{1F3BA6CA-0F5C-40F7-8D5A-2BE5C8201E02}.Release|Any CPU.ActiveCfg = Release|Any CPU
		{1F3BA6CA-0F5C-40F7-8D5A-2BE5C8201E02}.Release|Any CPU.Build.0 = Release|Any CPU
		{1F3BA6CA-0F5C-40F7-8D5A-2BE5C8201E02}.Release|iPhone.ActiveCfg = Release|Any CPU
		{1F3BA6CA-0F5C-40F7-8D5A-2BE5C8201E02}.Release|iPhone.Build.0 = Release|Any CPU
		{1F3BA6CA-0F5C-40F7-8D5A-2BE5C8201E02}.Release|iPhoneSimulator.ActiveCfg = Release|Any CPU
		{1F3BA6CA-0F5C-40F7-8D5A-2BE5C8201E02}.Release|iPhoneSimulator.Build.0 = Release|Any CPU
		{941EC204-82BD-4856-87B2-159A8C0C42E8}.Debug|Any CPU.ActiveCfg = Debug|Any CPU
		{941EC204-82BD-4856-87B2-159A8C0C42E8}.Debug|Any CPU.Build.0 = Debug|Any CPU
		{941EC204-82BD-4856-87B2-159A8C0C42E8}.Debug|iPhone.ActiveCfg = Debug|Any CPU
		{941EC204-82BD-4856-87B2-159A8C0C42E8}.Debug|iPhone.Build.0 = Debug|Any CPU
		{941EC204-82BD-4856-87B2-159A8C0C42E8}.Debug|iPhoneSimulator.ActiveCfg = Debug|Any CPU
		{941EC204-82BD-4856-87B2-159A8C0C42E8}.Debug|iPhoneSimulator.Build.0 = Debug|Any CPU
		{941EC204-82BD-4856-87B2-159A8C0C42E8}.Release|Any CPU.ActiveCfg = Release|Any CPU
		{941EC204-82BD-4856-87B2-159A8C0C42E8}.Release|Any CPU.Build.0 = Release|Any CPU
		{941EC204-82BD-4856-87B2-159A8C0C42E8}.Release|iPhone.ActiveCfg = Release|Any CPU
		{941EC204-82BD-4856-87B2-159A8C0C42E8}.Release|iPhone.Build.0 = Release|Any CPU
		{941EC204-82BD-4856-87B2-159A8C0C42E8}.Release|iPhoneSimulator.ActiveCfg = Release|Any CPU
		{941EC204-82BD-4856-87B2-159A8C0C42E8}.Release|iPhoneSimulator.Build.0 = Release|Any CPU
		{3DC4D2E2-4B81-45C3-A096-CAC3215A6943}.Debug|Any CPU.ActiveCfg = Debug|Any CPU
		{3DC4D2E2-4B81-45C3-A096-CAC3215A6943}.Debug|Any CPU.Build.0 = Debug|Any CPU
		{3DC4D2E2-4B81-45C3-A096-CAC3215A6943}.Debug|iPhone.ActiveCfg = Debug|Any CPU
		{3DC4D2E2-4B81-45C3-A096-CAC3215A6943}.Debug|iPhone.Build.0 = Debug|Any CPU
		{3DC4D2E2-4B81-45C3-A096-CAC3215A6943}.Debug|iPhoneSimulator.ActiveCfg = Debug|Any CPU
		{3DC4D2E2-4B81-45C3-A096-CAC3215A6943}.Debug|iPhoneSimulator.Build.0 = Debug|Any CPU
		{3DC4D2E2-4B81-45C3-A096-CAC3215A6943}.Release|Any CPU.ActiveCfg = Release|Any CPU
		{3DC4D2E2-4B81-45C3-A096-CAC3215A6943}.Release|Any CPU.Build.0 = Release|Any CPU
		{3DC4D2E2-4B81-45C3-A096-CAC3215A6943}.Release|iPhone.ActiveCfg = Release|Any CPU
		{3DC4D2E2-4B81-45C3-A096-CAC3215A6943}.Release|iPhone.Build.0 = Release|Any CPU
		{3DC4D2E2-4B81-45C3-A096-CAC3215A6943}.Release|iPhoneSimulator.ActiveCfg = Release|Any CPU
		{3DC4D2E2-4B81-45C3-A096-CAC3215A6943}.Release|iPhoneSimulator.Build.0 = Release|Any CPU
		{EA4A727D-F5FF-45D0-8706-6C6EC7A0FAF4}.Debug|Any CPU.ActiveCfg = Debug|Any CPU
		{EA4A727D-F5FF-45D0-8706-6C6EC7A0FAF4}.Debug|Any CPU.Build.0 = Debug|Any CPU
		{EA4A727D-F5FF-45D0-8706-6C6EC7A0FAF4}.Debug|iPhone.ActiveCfg = Debug|Any CPU
		{EA4A727D-F5FF-45D0-8706-6C6EC7A0FAF4}.Debug|iPhone.Build.0 = Debug|Any CPU
		{EA4A727D-F5FF-45D0-8706-6C6EC7A0FAF4}.Debug|iPhoneSimulator.ActiveCfg = Debug|Any CPU
		{EA4A727D-F5FF-45D0-8706-6C6EC7A0FAF4}.Debug|iPhoneSimulator.Build.0 = Debug|Any CPU
		{EA4A727D-F5FF-45D0-8706-6C6EC7A0FAF4}.Release|Any CPU.ActiveCfg = Release|Any CPU
		{EA4A727D-F5FF-45D0-8706-6C6EC7A0FAF4}.Release|Any CPU.Build.0 = Release|Any CPU
		{EA4A727D-F5FF-45D0-8706-6C6EC7A0FAF4}.Release|iPhone.ActiveCfg = Release|Any CPU
		{EA4A727D-F5FF-45D0-8706-6C6EC7A0FAF4}.Release|iPhone.Build.0 = Release|Any CPU
		{EA4A727D-F5FF-45D0-8706-6C6EC7A0FAF4}.Release|iPhoneSimulator.ActiveCfg = Release|Any CPU
		{EA4A727D-F5FF-45D0-8706-6C6EC7A0FAF4}.Release|iPhoneSimulator.Build.0 = Release|Any CPU
		{F777F5C0-B5FC-420D-A03A-997C88B89E5C}.Debug|Any CPU.ActiveCfg = Debug|Any CPU
		{F777F5C0-B5FC-420D-A03A-997C88B89E5C}.Debug|Any CPU.Build.0 = Debug|Any CPU
		{F777F5C0-B5FC-420D-A03A-997C88B89E5C}.Debug|iPhone.ActiveCfg = Debug|Any CPU
		{F777F5C0-B5FC-420D-A03A-997C88B89E5C}.Debug|iPhone.Build.0 = Debug|Any CPU
		{F777F5C0-B5FC-420D-A03A-997C88B89E5C}.Debug|iPhoneSimulator.ActiveCfg = Debug|Any CPU
		{F777F5C0-B5FC-420D-A03A-997C88B89E5C}.Debug|iPhoneSimulator.Build.0 = Debug|Any CPU
		{F777F5C0-B5FC-420D-A03A-997C88B89E5C}.Release|Any CPU.ActiveCfg = Release|Any CPU
		{F777F5C0-B5FC-420D-A03A-997C88B89E5C}.Release|Any CPU.Build.0 = Release|Any CPU
		{F777F5C0-B5FC-420D-A03A-997C88B89E5C}.Release|iPhone.ActiveCfg = Release|Any CPU
		{F777F5C0-B5FC-420D-A03A-997C88B89E5C}.Release|iPhone.Build.0 = Release|Any CPU
		{F777F5C0-B5FC-420D-A03A-997C88B89E5C}.Release|iPhoneSimulator.ActiveCfg = Release|Any CPU
		{F777F5C0-B5FC-420D-A03A-997C88B89E5C}.Release|iPhoneSimulator.Build.0 = Release|Any CPU
		{83B0B2CB-AF6B-4F1E-8AD6-3CF97953B158}.Debug|Any CPU.ActiveCfg = Debug|Any CPU
		{83B0B2CB-AF6B-4F1E-8AD6-3CF97953B158}.Debug|Any CPU.Build.0 = Debug|Any CPU
		{83B0B2CB-AF6B-4F1E-8AD6-3CF97953B158}.Debug|iPhone.ActiveCfg = Debug|Any CPU
		{83B0B2CB-AF6B-4F1E-8AD6-3CF97953B158}.Debug|iPhone.Build.0 = Debug|Any CPU
		{83B0B2CB-AF6B-4F1E-8AD6-3CF97953B158}.Debug|iPhoneSimulator.ActiveCfg = Debug|Any CPU
		{83B0B2CB-AF6B-4F1E-8AD6-3CF97953B158}.Debug|iPhoneSimulator.Build.0 = Debug|Any CPU
		{83B0B2CB-AF6B-4F1E-8AD6-3CF97953B158}.Release|Any CPU.ActiveCfg = Release|Any CPU
		{83B0B2CB-AF6B-4F1E-8AD6-3CF97953B158}.Release|Any CPU.Build.0 = Release|Any CPU
		{83B0B2CB-AF6B-4F1E-8AD6-3CF97953B158}.Release|iPhone.ActiveCfg = Release|Any CPU
		{83B0B2CB-AF6B-4F1E-8AD6-3CF97953B158}.Release|iPhone.Build.0 = Release|Any CPU
		{83B0B2CB-AF6B-4F1E-8AD6-3CF97953B158}.Release|iPhoneSimulator.ActiveCfg = Release|Any CPU
		{83B0B2CB-AF6B-4F1E-8AD6-3CF97953B158}.Release|iPhoneSimulator.Build.0 = Release|Any CPU
		{4A73DA04-85EC-468F-A96D-98D4200280A3}.Debug|Any CPU.ActiveCfg = Debug|Any CPU
		{4A73DA04-85EC-468F-A96D-98D4200280A3}.Debug|Any CPU.Build.0 = Debug|Any CPU
		{4A73DA04-85EC-468F-A96D-98D4200280A3}.Debug|iPhone.ActiveCfg = Debug|Any CPU
		{4A73DA04-85EC-468F-A96D-98D4200280A3}.Debug|iPhone.Build.0 = Debug|Any CPU
		{4A73DA04-85EC-468F-A96D-98D4200280A3}.Debug|iPhoneSimulator.ActiveCfg = Debug|Any CPU
		{4A73DA04-85EC-468F-A96D-98D4200280A3}.Debug|iPhoneSimulator.Build.0 = Debug|Any CPU
		{4A73DA04-85EC-468F-A96D-98D4200280A3}.Release|Any CPU.ActiveCfg = Release|Any CPU
		{4A73DA04-85EC-468F-A96D-98D4200280A3}.Release|Any CPU.Build.0 = Release|Any CPU
		{4A73DA04-85EC-468F-A96D-98D4200280A3}.Release|iPhone.ActiveCfg = Release|Any CPU
		{4A73DA04-85EC-468F-A96D-98D4200280A3}.Release|iPhone.Build.0 = Release|Any CPU
		{4A73DA04-85EC-468F-A96D-98D4200280A3}.Release|iPhoneSimulator.ActiveCfg = Release|Any CPU
		{4A73DA04-85EC-468F-A96D-98D4200280A3}.Release|iPhoneSimulator.Build.0 = Release|Any CPU
		{14C01EC5-60CB-4967-BDD6-DED4EE1841E5}.Debug|Any CPU.ActiveCfg = Debug|Any CPU
		{14C01EC5-60CB-4967-BDD6-DED4EE1841E5}.Debug|Any CPU.Build.0 = Debug|Any CPU
		{14C01EC5-60CB-4967-BDD6-DED4EE1841E5}.Debug|iPhone.ActiveCfg = Debug|Any CPU
		{14C01EC5-60CB-4967-BDD6-DED4EE1841E5}.Debug|iPhone.Build.0 = Debug|Any CPU
		{14C01EC5-60CB-4967-BDD6-DED4EE1841E5}.Debug|iPhoneSimulator.ActiveCfg = Debug|Any CPU
		{14C01EC5-60CB-4967-BDD6-DED4EE1841E5}.Debug|iPhoneSimulator.Build.0 = Debug|Any CPU
		{14C01EC5-60CB-4967-BDD6-DED4EE1841E5}.Release|Any CPU.ActiveCfg = Release|Any CPU
		{14C01EC5-60CB-4967-BDD6-DED4EE1841E5}.Release|Any CPU.Build.0 = Release|Any CPU
		{14C01EC5-60CB-4967-BDD6-DED4EE1841E5}.Release|iPhone.ActiveCfg = Release|Any CPU
		{14C01EC5-60CB-4967-BDD6-DED4EE1841E5}.Release|iPhone.Build.0 = Release|Any CPU
		{14C01EC5-60CB-4967-BDD6-DED4EE1841E5}.Release|iPhoneSimulator.ActiveCfg = Release|Any CPU
		{14C01EC5-60CB-4967-BDD6-DED4EE1841E5}.Release|iPhoneSimulator.Build.0 = Release|Any CPU
		{63E13A18-E149-48A5-8D36-3D7DC4E4A37A}.Debug|Any CPU.ActiveCfg = Debug|Any CPU
		{63E13A18-E149-48A5-8D36-3D7DC4E4A37A}.Debug|Any CPU.Build.0 = Debug|Any CPU
		{63E13A18-E149-48A5-8D36-3D7DC4E4A37A}.Debug|iPhone.ActiveCfg = Debug|Any CPU
		{63E13A18-E149-48A5-8D36-3D7DC4E4A37A}.Debug|iPhone.Build.0 = Debug|Any CPU
		{63E13A18-E149-48A5-8D36-3D7DC4E4A37A}.Debug|iPhoneSimulator.ActiveCfg = Debug|Any CPU
		{63E13A18-E149-48A5-8D36-3D7DC4E4A37A}.Debug|iPhoneSimulator.Build.0 = Debug|Any CPU
		{63E13A18-E149-48A5-8D36-3D7DC4E4A37A}.Release|Any CPU.ActiveCfg = Release|Any CPU
		{63E13A18-E149-48A5-8D36-3D7DC4E4A37A}.Release|Any CPU.Build.0 = Release|Any CPU
		{63E13A18-E149-48A5-8D36-3D7DC4E4A37A}.Release|iPhone.ActiveCfg = Release|Any CPU
		{63E13A18-E149-48A5-8D36-3D7DC4E4A37A}.Release|iPhone.Build.0 = Release|Any CPU
		{63E13A18-E149-48A5-8D36-3D7DC4E4A37A}.Release|iPhoneSimulator.ActiveCfg = Release|Any CPU
		{63E13A18-E149-48A5-8D36-3D7DC4E4A37A}.Release|iPhoneSimulator.Build.0 = Release|Any CPU
		{8CD24CF7-32A0-46A1-9F7D-A37BDA1971EF}.Debug|Any CPU.ActiveCfg = Debug|Any CPU
		{8CD24CF7-32A0-46A1-9F7D-A37BDA1971EF}.Debug|Any CPU.Build.0 = Debug|Any CPU
		{8CD24CF7-32A0-46A1-9F7D-A37BDA1971EF}.Debug|iPhone.ActiveCfg = Debug|Any CPU
		{8CD24CF7-32A0-46A1-9F7D-A37BDA1971EF}.Debug|iPhone.Build.0 = Debug|Any CPU
		{8CD24CF7-32A0-46A1-9F7D-A37BDA1971EF}.Debug|iPhoneSimulator.ActiveCfg = Debug|Any CPU
		{8CD24CF7-32A0-46A1-9F7D-A37BDA1971EF}.Debug|iPhoneSimulator.Build.0 = Debug|Any CPU
		{8CD24CF7-32A0-46A1-9F7D-A37BDA1971EF}.Release|Any CPU.ActiveCfg = Release|Any CPU
		{8CD24CF7-32A0-46A1-9F7D-A37BDA1971EF}.Release|Any CPU.Build.0 = Release|Any CPU
		{8CD24CF7-32A0-46A1-9F7D-A37BDA1971EF}.Release|iPhone.ActiveCfg = Release|Any CPU
		{8CD24CF7-32A0-46A1-9F7D-A37BDA1971EF}.Release|iPhone.Build.0 = Release|Any CPU
		{8CD24CF7-32A0-46A1-9F7D-A37BDA1971EF}.Release|iPhoneSimulator.ActiveCfg = Release|Any CPU
		{8CD24CF7-32A0-46A1-9F7D-A37BDA1971EF}.Release|iPhoneSimulator.Build.0 = Release|Any CPU
		{77A09FF5-32C0-438F-856D-0D0A2491933C}.Debug|Any CPU.ActiveCfg = Debug|Any CPU
		{77A09FF5-32C0-438F-856D-0D0A2491933C}.Debug|Any CPU.Build.0 = Debug|Any CPU
		{77A09FF5-32C0-438F-856D-0D0A2491933C}.Debug|Any CPU.Deploy.0 = Debug|Any CPU
		{77A09FF5-32C0-438F-856D-0D0A2491933C}.Debug|iPhone.ActiveCfg = Debug|Any CPU
		{77A09FF5-32C0-438F-856D-0D0A2491933C}.Debug|iPhone.Build.0 = Debug|Any CPU
		{77A09FF5-32C0-438F-856D-0D0A2491933C}.Debug|iPhone.Deploy.0 = Debug|Any CPU
		{77A09FF5-32C0-438F-856D-0D0A2491933C}.Debug|iPhoneSimulator.ActiveCfg = Debug|Any CPU
		{77A09FF5-32C0-438F-856D-0D0A2491933C}.Debug|iPhoneSimulator.Build.0 = Debug|Any CPU
		{77A09FF5-32C0-438F-856D-0D0A2491933C}.Debug|iPhoneSimulator.Deploy.0 = Debug|Any CPU
		{77A09FF5-32C0-438F-856D-0D0A2491933C}.Release|Any CPU.ActiveCfg = Release|Any CPU
		{77A09FF5-32C0-438F-856D-0D0A2491933C}.Release|Any CPU.Build.0 = Release|Any CPU
		{77A09FF5-32C0-438F-856D-0D0A2491933C}.Release|Any CPU.Deploy.0 = Release|Any CPU
		{77A09FF5-32C0-438F-856D-0D0A2491933C}.Release|iPhone.ActiveCfg = Release|Any CPU
		{77A09FF5-32C0-438F-856D-0D0A2491933C}.Release|iPhone.Build.0 = Release|Any CPU
		{77A09FF5-32C0-438F-856D-0D0A2491933C}.Release|iPhone.Deploy.0 = Release|Any CPU
		{77A09FF5-32C0-438F-856D-0D0A2491933C}.Release|iPhoneSimulator.ActiveCfg = Release|Any CPU
		{77A09FF5-32C0-438F-856D-0D0A2491933C}.Release|iPhoneSimulator.Build.0 = Release|Any CPU
		{77A09FF5-32C0-438F-856D-0D0A2491933C}.Release|iPhoneSimulator.Deploy.0 = Release|Any CPU
		{8FB70D88-2C92-4C4C-B1CA-3C26B1A3D726}.Debug|Any CPU.ActiveCfg = Debug|iPhoneSimulator
		{8FB70D88-2C92-4C4C-B1CA-3C26B1A3D726}.Debug|iPhone.ActiveCfg = Debug|iPhone
		{8FB70D88-2C92-4C4C-B1CA-3C26B1A3D726}.Debug|iPhone.Build.0 = Debug|iPhone
		{8FB70D88-2C92-4C4C-B1CA-3C26B1A3D726}.Debug|iPhoneSimulator.ActiveCfg = Debug|iPhoneSimulator
		{8FB70D88-2C92-4C4C-B1CA-3C26B1A3D726}.Debug|iPhoneSimulator.Build.0 = Debug|iPhoneSimulator
		{8FB70D88-2C92-4C4C-B1CA-3C26B1A3D726}.Release|Any CPU.ActiveCfg = Release|iPhoneSimulator
		{8FB70D88-2C92-4C4C-B1CA-3C26B1A3D726}.Release|iPhone.ActiveCfg = Release|iPhone
		{8FB70D88-2C92-4C4C-B1CA-3C26B1A3D726}.Release|iPhone.Build.0 = Release|iPhone
		{8FB70D88-2C92-4C4C-B1CA-3C26B1A3D726}.Release|iPhoneSimulator.ActiveCfg = Release|iPhoneSimulator
		{8FB70D88-2C92-4C4C-B1CA-3C26B1A3D726}.Release|iPhoneSimulator.Build.0 = Release|iPhoneSimulator
		{F93F2B27-DBC4-44E7-9A4F-C3180F969B22}.Debug|Any CPU.ActiveCfg = Debug|Any CPU
		{F93F2B27-DBC4-44E7-9A4F-C3180F969B22}.Debug|Any CPU.Build.0 = Debug|Any CPU
		{F93F2B27-DBC4-44E7-9A4F-C3180F969B22}.Debug|iPhone.ActiveCfg = Debug|Any CPU
		{F93F2B27-DBC4-44E7-9A4F-C3180F969B22}.Debug|iPhone.Build.0 = Debug|Any CPU
		{F93F2B27-DBC4-44E7-9A4F-C3180F969B22}.Debug|iPhoneSimulator.ActiveCfg = Debug|Any CPU
		{F93F2B27-DBC4-44E7-9A4F-C3180F969B22}.Debug|iPhoneSimulator.Build.0 = Debug|Any CPU
		{F93F2B27-DBC4-44E7-9A4F-C3180F969B22}.Release|Any CPU.ActiveCfg = Release|Any CPU
		{F93F2B27-DBC4-44E7-9A4F-C3180F969B22}.Release|Any CPU.Build.0 = Release|Any CPU
		{F93F2B27-DBC4-44E7-9A4F-C3180F969B22}.Release|iPhone.ActiveCfg = Release|Any CPU
		{F93F2B27-DBC4-44E7-9A4F-C3180F969B22}.Release|iPhone.Build.0 = Release|Any CPU
		{F93F2B27-DBC4-44E7-9A4F-C3180F969B22}.Release|iPhoneSimulator.ActiveCfg = Release|Any CPU
		{F93F2B27-DBC4-44E7-9A4F-C3180F969B22}.Release|iPhoneSimulator.Build.0 = Release|Any CPU
		{67F0CA0A-B55B-4907-A752-4E6D708B7D24}.Debug|Any CPU.ActiveCfg = Debug|Any CPU
		{67F0CA0A-B55B-4907-A752-4E6D708B7D24}.Debug|Any CPU.Build.0 = Debug|Any CPU
		{67F0CA0A-B55B-4907-A752-4E6D708B7D24}.Debug|iPhone.ActiveCfg = Debug|Any CPU
		{67F0CA0A-B55B-4907-A752-4E6D708B7D24}.Debug|iPhone.Build.0 = Debug|Any CPU
		{67F0CA0A-B55B-4907-A752-4E6D708B7D24}.Debug|iPhoneSimulator.ActiveCfg = Debug|Any CPU
		{67F0CA0A-B55B-4907-A752-4E6D708B7D24}.Debug|iPhoneSimulator.Build.0 = Debug|Any CPU
		{67F0CA0A-B55B-4907-A752-4E6D708B7D24}.Release|Any CPU.ActiveCfg = Release|Any CPU
		{67F0CA0A-B55B-4907-A752-4E6D708B7D24}.Release|Any CPU.Build.0 = Release|Any CPU
		{67F0CA0A-B55B-4907-A752-4E6D708B7D24}.Release|iPhone.ActiveCfg = Release|Any CPU
		{67F0CA0A-B55B-4907-A752-4E6D708B7D24}.Release|iPhone.Build.0 = Release|Any CPU
		{67F0CA0A-B55B-4907-A752-4E6D708B7D24}.Release|iPhoneSimulator.ActiveCfg = Release|Any CPU
		{67F0CA0A-B55B-4907-A752-4E6D708B7D24}.Release|iPhoneSimulator.Build.0 = Release|Any CPU
		{02BDA434-50E6-4FA7-B985-42920D08084A}.Debug|Any CPU.ActiveCfg = Debug|Any CPU
		{02BDA434-50E6-4FA7-B985-42920D08084A}.Debug|Any CPU.Build.0 = Debug|Any CPU
		{02BDA434-50E6-4FA7-B985-42920D08084A}.Debug|iPhone.ActiveCfg = Debug|Any CPU
		{02BDA434-50E6-4FA7-B985-42920D08084A}.Debug|iPhone.Build.0 = Debug|Any CPU
		{02BDA434-50E6-4FA7-B985-42920D08084A}.Debug|iPhoneSimulator.ActiveCfg = Debug|Any CPU
		{02BDA434-50E6-4FA7-B985-42920D08084A}.Debug|iPhoneSimulator.Build.0 = Debug|Any CPU
		{02BDA434-50E6-4FA7-B985-42920D08084A}.Release|Any CPU.ActiveCfg = Release|Any CPU
		{02BDA434-50E6-4FA7-B985-42920D08084A}.Release|Any CPU.Build.0 = Release|Any CPU
		{02BDA434-50E6-4FA7-B985-42920D08084A}.Release|iPhone.ActiveCfg = Release|Any CPU
		{02BDA434-50E6-4FA7-B985-42920D08084A}.Release|iPhone.Build.0 = Release|Any CPU
		{02BDA434-50E6-4FA7-B985-42920D08084A}.Release|iPhoneSimulator.ActiveCfg = Release|Any CPU
		{02BDA434-50E6-4FA7-B985-42920D08084A}.Release|iPhoneSimulator.Build.0 = Release|Any CPU
		{79E2BEBE-12C5-42CB-BDDF-D8B11BE9C935}.Debug|Any CPU.ActiveCfg = Debug|Any CPU
		{79E2BEBE-12C5-42CB-BDDF-D8B11BE9C935}.Debug|Any CPU.Build.0 = Debug|Any CPU
		{79E2BEBE-12C5-42CB-BDDF-D8B11BE9C935}.Debug|iPhone.ActiveCfg = Debug|Any CPU
		{79E2BEBE-12C5-42CB-BDDF-D8B11BE9C935}.Debug|iPhone.Build.0 = Debug|Any CPU
		{79E2BEBE-12C5-42CB-BDDF-D8B11BE9C935}.Debug|iPhoneSimulator.ActiveCfg = Debug|Any CPU
		{79E2BEBE-12C5-42CB-BDDF-D8B11BE9C935}.Debug|iPhoneSimulator.Build.0 = Debug|Any CPU
		{79E2BEBE-12C5-42CB-BDDF-D8B11BE9C935}.Release|Any CPU.ActiveCfg = Release|Any CPU
		{79E2BEBE-12C5-42CB-BDDF-D8B11BE9C935}.Release|Any CPU.Build.0 = Release|Any CPU
		{79E2BEBE-12C5-42CB-BDDF-D8B11BE9C935}.Release|iPhone.ActiveCfg = Release|Any CPU
		{79E2BEBE-12C5-42CB-BDDF-D8B11BE9C935}.Release|iPhone.Build.0 = Release|Any CPU
		{79E2BEBE-12C5-42CB-BDDF-D8B11BE9C935}.Release|iPhoneSimulator.ActiveCfg = Release|Any CPU
		{79E2BEBE-12C5-42CB-BDDF-D8B11BE9C935}.Release|iPhoneSimulator.Build.0 = Release|Any CPU
	EndGlobalSection
	GlobalSection(SolutionProperties) = preSolution
		HideSolutionNode = FALSE
	EndGlobalSection
	GlobalSection(ExtensibilityGlobals) = postSolution
		SolutionGuid = {EB13B7C9-D6FA-4F7D-B512-6801589BC299}
	EndGlobalSection
EndGlobal
