
Microsoft Visual Studio Solution File, Format Version 12.00
# Visual Studio Version 17
VisualStudioVersion = 17.4.33213.308
MinimumVisualStudioVersion = 10.0.40219.1
Project("{9A19103F-16F7-4668-BE54-9A1E7A4F7556}") = "DAL", "DAL\DAL.csproj", "{992087DD-9163-41EF-9651-1C781F4B93B2}"
EndProject
Project("{9A19103F-16F7-4668-BE54-9A1E7A4F7556}") = "LibraryLogging", "LibraryLogging\LibraryLogging.csproj", "{37A9D3AA-D765-4FE8-9104-27DEB9A99E59}"
EndProject
Project("{9A19103F-16F7-4668-BE54-9A1E7A4F7556}") = "LoggingAPI", "LoggingAPI\LoggingAPI.csproj", "{1F3BA6CA-0F5C-40F7-8D5A-2BE5C8201E02}"
EndProject
Project("{9A19103F-16F7-4668-BE54-9A1E7A4F7556}") = "MVCWeb", "MVCWeb\MVCWeb.csproj", "{941EC204-82BD-4856-87B2-159A8C0C42E8}"
EndProject
Project("{9A19103F-16F7-4668-BE54-9A1E7A4F7556}") = "WebLogging", "WebLogging\WebLogging.csproj", "{3DC4D2E2-4B81-45C3-A096-CAC3215A6943}"
EndProject
Project("{9A19103F-16F7-4668-BE54-9A1E7A4F7556}") = "WpfStudy", "WpfStudy\WpfStudy.csproj", "{EA4A727D-F5FF-45D0-8706-6C6EC7A0FAF4}"
EndProject
Project("{9A19103F-16F7-4668-BE54-9A1E7A4F7556}") = "HotelReservation", "HotelReservation\HotelReservation.csproj", "{F777F5C0-B5FC-420D-A03A-997C88B89E5C}"
EndProject
Project("{9A19103F-16F7-4668-BE54-9A1E7A4F7556}") = "LazyTask", "LazyTask\LazyTask.csproj", "{83B0B2CB-AF6B-4F1E-8AD6-3CF97953B158}"
EndProject
Project("{9A19103F-16F7-4668-BE54-9A1E7A4F7556}") = "PostgresSQLConnect", "PostgresSQLConnect\PostgresSQLConnect.csproj", "{4A73DA04-85EC-468F-A96D-98D4200280A3}"
EndProject
Project("{9A19103F-16F7-4668-BE54-9A1E7A4F7556}") = "BitWiseOperator", "BitWiseOperator\BitWiseOperator.csproj", "{14C01EC5-60CB-4967-BDD6-DED4EE1841E5}"
EndProject
Project("{9A19103F-16F7-4668-BE54-9A1E7A4F7556}") = "TestProject", "TestProject\TestProject.csproj", "{63E13A18-E149-48A5-8D36-3D7DC4E4A37A}"
EndProject
Project("{9A19103F-16F7-4668-BE54-9A1E7A4F7556}") = "WPFMaterialDesignStudy", "WPFMaterialDesignStudy\WPFMaterialDesignStudy.csproj", "{8CD24CF7-32A0-46A1-9F7D-A37BDA1971EF}"
EndProject
Project("{9A19103F-16F7-4668-BE54-9A1E7A4F7556}") = "SignalRChat", "SignalRChat\SignalRChat.csproj", "{8A44D7F5-730D-46D0-9CD4-3347C31FAE54}"
EndProject
Project("{9A19103F-16F7-4668-BE54-9A1E7A4F7556}") = "Notification", "Notification\Notification.csproj", "{CB6D7E77-313A-4123-A3FB-F2A8800A6BC9}"
EndProject
Project("{9A19103F-16F7-4668-BE54-9A1E7A4F7556}") = "AsynchronousDemo", "AsynchronousDemo\AsynchronousDemo.csproj", "{AF9FE0CD-603B-46B7-B5EF-AD9A2241D6DD}"
EndProject
Project("{9A19103F-16F7-4668-BE54-9A1E7A4F7556}") = "SignalOnePushNotification", "SignalOnePushNotification\SignalOnePushNotification.csproj", "{6D4ECF7F-BBF7-459D-8370-49B6B7248C93}"
EndProject
Project("{9A19103F-16F7-4668-BE54-9A1E7A4F7556}") = "ImageServiceWeb", "ImageServiceWeb\ImageServiceWeb.csproj", "{3C660B9C-0D7B-4566-9E4E-3B03C192011A}"
EndProject
Project("{9A19103F-16F7-4668-BE54-9A1E7A4F7556}") = "MSA.FW.Utilities.Image", "MSA.FW.Utilities.Image\MSA.FW.Utilities.Image.csproj", "{FD96F8E1-6612-44B6-85FA-8F372A70DE50}"
EndProject
Project("{9A19103F-16F7-4668-BE54-9A1E7A4F7556}") = "FileUpLoadService", "FileUpLoadService\FileUpLoadService.csproj", "{7366F3F8-1420-4F24-87CE-A8CFB040CE7F}"
EndProject
Project("{9A19103F-16F7-4668-BE54-9A1E7A4F7556}") = "OneSignalClientWeb", "OneSignalClientWeb\OneSignalClientWeb.csproj", "{41E71320-2B4A-486F-899D-4AB30A82D75B}"
EndProject
Project("{9A19103F-16F7-4668-BE54-9A1E7A4F7556}") = "NewsCMS", "NewsCMS\NewsCMS.csproj", "{7341B130-5440-4C4F-BA7F-502C4271A461}"
EndProject
Project("{9A19103F-16F7-4668-BE54-9A1E7A4F7556}") = "Ckeditor5AspNetCore", "Ckeditor5-Asp-net-core-ImageUpload-Vuejs-main\Ckeditor5AspNetCore\Ckeditor5AspNetCore.csproj", "{6F47BEAC-9148-4730-B8E6-D0B46B1CAEB9}"
EndProject
Project("{9A19103F-16F7-4668-BE54-9A1E7A4F7556}") = "OneSignalAPI", "OneSignalAPI\OneSignalAPI.csproj", "{4A8B6904-4310-47A7-BD6E-0F905002833A}"
EndProject
Project("{9A19103F-16F7-4668-BE54-9A1E7A4F7556}") = "ExpressionStudy", "ExpressionStudy\ExpressionStudy.csproj", "{AF17E1FB-053B-4ECB-8D3F-08E3FD274A4E}"
EndProject
Project("{9A19103F-16F7-4668-BE54-9A1E7A4F7556}") = "MultiLanguage", "MultiLanguage\MultiLanguage.csproj", "{EE21F9E4-4D83-4C30-9BA5-820F1514BE4B}"
EndProject
Project("{9A19103F-16F7-4668-BE54-9A1E7A4F7556}") = "StaticResources", "StaticResources\StaticResources.csproj", "{590E3E97-F454-4249-9C13-F16B24FA04C4}"
EndProject
Project("{9A19103F-16F7-4668-BE54-9A1E7A4F7556}") = "Localization", "Localization\Localization.csproj", "{24E7B24D-EB08-4F97-BF76-34E4BCD26768}"
EndProject
Project("{9A19103F-16F7-4668-BE54-9A1E7A4F7556}") = "LamdaFilter", "LamdaFilter\LamdaFilter.csproj", "{C817691F-E367-4FCB-9432-F2BC94F84CA9}"
EndProject
Project("{9A19103F-16F7-4668-BE54-9A1E7A4F7556}") = "BlazorWebAssemblyDemo", "BlazorWebAssemblyDemo\BlazorWebAssemblyDemo.csproj", "{475E4C37-6943-4B80-B71C-1AA52AFDFCA5}"
EndProject
Project("{9A19103F-16F7-4668-BE54-9A1E7A4F7556}") = "BlazorServerAppDemo", "BlazorServerAppDemo\BlazorServerAppDemo.csproj", "{01519CFB-28D9-435D-84F0-CB78B1136B99}"
EndProject
Project("{9A19103F-16F7-4668-BE54-9A1E7A4F7556}") = "WebAPI", "WebAPI\WebAPI.csproj", "{1583BC63-44BE-42E0-A3F1-1EEA5C791F6A}"
EndProject
Project("{9A19103F-16F7-4668-BE54-9A1E7A4F7556}") = "DEMOService", "DEMOService\DEMOService.csproj", "{047202CB-0419-42E3-8878-F36FE14BBDBB}"
EndProject
Project("{9A19103F-16F7-4668-BE54-9A1E7A4F7556}") = "DynamicRoute", "DynamicRoute\DynamicRoute.csproj", "{80ADF525-6318-426C-9E8B-A5E16E5C9784}"
EndProject
Project("{9A19103F-16F7-4668-BE54-9A1E7A4F7556}") = "DateTimeDemo", "DateTimeDemo\DateTimeDemo.csproj", "{670C2990-2914-4BE0-B950-638957AAF61C}"
EndProject
Project("{9A19103F-16F7-4668-BE54-9A1E7A4F7556}") = "MVC Localization", "MVC Localization\MVC Localization.csproj", "{5C938175-FBC1-4F08-8ECE-90827BD341A7}"
EndProject
Project("{9A19103F-16F7-4668-BE54-9A1E7A4F7556}") = "JWTAPI", "JWTAPI\JWTAPI.csproj", "{8BF44382-DF8A-4B2B-93CB-F6A9A68CD95C}"
EndProject
Project("{9A19103F-16F7-4668-BE54-9A1E7A4F7556}") = "JWTClient", "JWTClient\JWTClient.csproj", "{49537B5A-C6B7-4D36-845F-3F1279668C17}"
EndProject
Project("{9A19103F-16F7-4668-BE54-9A1E7A4F7556}") = "MVCAuthenticationTemplate", "MVCAuthenticationTemplate\MVCAuthenticationTemplate.csproj", "{C3C2E7B0-C744-4E49-97A1-545CAE6D635F}"
EndProject
Project("{FAE04EC0-301F-11D3-BF4B-00C04F79EFBC}") = "EFDBInMemory", "EFDBInMemory\EFDBInMemory.csproj", "{01B416AD-BE09-485D-8D91-C2E96E136FC4}"
EndProject
Global
	GlobalSection(SolutionConfigurationPlatforms) = preSolution
		Debug|Any CPU = Debug|Any CPU
		Debug|iPhone = Debug|iPhone
		Debug|iPhoneSimulator = Debug|iPhoneSimulator
		Release|Any CPU = Release|Any CPU
		Release|iPhone = Release|iPhone
		Release|iPhoneSimulator = Release|iPhoneSimulator
	EndGlobalSection
	GlobalSection(ProjectConfigurationPlatforms) = postSolution
		{992087DD-9163-41EF-9651-1C781F4B93B2}.Debug|Any CPU.ActiveCfg = Debug|Any CPU
		{992087DD-9163-41EF-9651-1C781F4B93B2}.Debug|Any CPU.Build.0 = Debug|Any CPU
		{992087DD-9163-41EF-9651-1C781F4B93B2}.Debug|iPhone.ActiveCfg = Debug|Any CPU
		{992087DD-9163-41EF-9651-1C781F4B93B2}.Debug|iPhone.Build.0 = Debug|Any CPU
		{992087DD-9163-41EF-9651-1C781F4B93B2}.Debug|iPhoneSimulator.ActiveCfg = Debug|Any CPU
		{992087DD-9163-41EF-9651-1C781F4B93B2}.Debug|iPhoneSimulator.Build.0 = Debug|Any CPU
		{992087DD-9163-41EF-9651-1C781F4B93B2}.Release|Any CPU.ActiveCfg = Release|Any CPU
		{992087DD-9163-41EF-9651-1C781F4B93B2}.Release|Any CPU.Build.0 = Release|Any CPU
		{992087DD-9163-41EF-9651-1C781F4B93B2}.Release|iPhone.ActiveCfg = Release|Any CPU
		{992087DD-9163-41EF-9651-1C781F4B93B2}.Release|iPhone.Build.0 = Release|Any CPU
		{992087DD-9163-41EF-9651-1C781F4B93B2}.Release|iPhoneSimulator.ActiveCfg = Release|Any CPU
		{992087DD-9163-41EF-9651-1C781F4B93B2}.Release|iPhoneSimulator.Build.0 = Release|Any CPU
		{37A9D3AA-D765-4FE8-9104-27DEB9A99E59}.Debug|Any CPU.ActiveCfg = Debug|Any CPU
		{37A9D3AA-D765-4FE8-9104-27DEB9A99E59}.Debug|Any CPU.Build.0 = Debug|Any CPU
		{37A9D3AA-D765-4FE8-9104-27DEB9A99E59}.Debug|iPhone.ActiveCfg = Debug|Any CPU
		{37A9D3AA-D765-4FE8-9104-27DEB9A99E59}.Debug|iPhone.Build.0 = Debug|Any CPU
		{37A9D3AA-D765-4FE8-9104-27DEB9A99E59}.Debug|iPhoneSimulator.ActiveCfg = Debug|Any CPU
		{37A9D3AA-D765-4FE8-9104-27DEB9A99E59}.Debug|iPhoneSimulator.Build.0 = Debug|Any CPU
		{37A9D3AA-D765-4FE8-9104-27DEB9A99E59}.Release|Any CPU.ActiveCfg = Release|Any CPU
		{37A9D3AA-D765-4FE8-9104-27DEB9A99E59}.Release|Any CPU.Build.0 = Release|Any CPU
		{37A9D3AA-D765-4FE8-9104-27DEB9A99E59}.Release|iPhone.ActiveCfg = Release|Any CPU
		{37A9D3AA-D765-4FE8-9104-27DEB9A99E59}.Release|iPhone.Build.0 = Release|Any CPU
		{37A9D3AA-D765-4FE8-9104-27DEB9A99E59}.Release|iPhoneSimulator.ActiveCfg = Release|Any CPU
		{37A9D3AA-D765-4FE8-9104-27DEB9A99E59}.Release|iPhoneSimulator.Build.0 = Release|Any CPU
		{1F3BA6CA-0F5C-40F7-8D5A-2BE5C8201E02}.Debug|Any CPU.ActiveCfg = Debug|Any CPU
		{1F3BA6CA-0F5C-40F7-8D5A-2BE5C8201E02}.Debug|Any CPU.Build.0 = Debug|Any CPU
		{1F3BA6CA-0F5C-40F7-8D5A-2BE5C8201E02}.Debug|iPhone.ActiveCfg = Debug|Any CPU
		{1F3BA6CA-0F5C-40F7-8D5A-2BE5C8201E02}.Debug|iPhone.Build.0 = Debug|Any CPU
		{1F3BA6CA-0F5C-40F7-8D5A-2BE5C8201E02}.Debug|iPhoneSimulator.ActiveCfg = Debug|Any CPU
		{1F3BA6CA-0F5C-40F7-8D5A-2BE5C8201E02}.Debug|iPhoneSimulator.Build.0 = Debug|Any CPU
		{1F3BA6CA-0F5C-40F7-8D5A-2BE5C8201E02}.Release|Any CPU.ActiveCfg = Release|Any CPU
		{1F3BA6CA-0F5C-40F7-8D5A-2BE5C8201E02}.Release|Any CPU.Build.0 = Release|Any CPU
		{1F3BA6CA-0F5C-40F7-8D5A-2BE5C8201E02}.Release|iPhone.ActiveCfg = Release|Any CPU
		{1F3BA6CA-0F5C-40F7-8D5A-2BE5C8201E02}.Release|iPhone.Build.0 = Release|Any CPU
		{1F3BA6CA-0F5C-40F7-8D5A-2BE5C8201E02}.Release|iPhoneSimulator.ActiveCfg = Release|Any CPU
		{1F3BA6CA-0F5C-40F7-8D5A-2BE5C8201E02}.Release|iPhoneSimulator.Build.0 = Release|Any CPU
		{941EC204-82BD-4856-87B2-159A8C0C42E8}.Debug|Any CPU.ActiveCfg = Debug|Any CPU
		{941EC204-82BD-4856-87B2-159A8C0C42E8}.Debug|Any CPU.Build.0 = Debug|Any CPU
		{941EC204-82BD-4856-87B2-159A8C0C42E8}.Debug|iPhone.ActiveCfg = Debug|Any CPU
		{941EC204-82BD-4856-87B2-159A8C0C42E8}.Debug|iPhone.Build.0 = Debug|Any CPU
		{941EC204-82BD-4856-87B2-159A8C0C42E8}.Debug|iPhoneSimulator.ActiveCfg = Debug|Any CPU
		{941EC204-82BD-4856-87B2-159A8C0C42E8}.Debug|iPhoneSimulator.Build.0 = Debug|Any CPU
		{941EC204-82BD-4856-87B2-159A8C0C42E8}.Release|Any CPU.ActiveCfg = Release|Any CPU
		{941EC204-82BD-4856-87B2-159A8C0C42E8}.Release|Any CPU.Build.0 = Release|Any CPU
		{941EC204-82BD-4856-87B2-159A8C0C42E8}.Release|iPhone.ActiveCfg = Release|Any CPU
		{941EC204-82BD-4856-87B2-159A8C0C42E8}.Release|iPhone.Build.0 = Release|Any CPU
		{941EC204-82BD-4856-87B2-159A8C0C42E8}.Release|iPhoneSimulator.ActiveCfg = Release|Any CPU
		{941EC204-82BD-4856-87B2-159A8C0C42E8}.Release|iPhoneSimulator.Build.0 = Release|Any CPU
		{3DC4D2E2-4B81-45C3-A096-CAC3215A6943}.Debug|Any CPU.ActiveCfg = Debug|Any CPU
		{3DC4D2E2-4B81-45C3-A096-CAC3215A6943}.Debug|Any CPU.Build.0 = Debug|Any CPU
		{3DC4D2E2-4B81-45C3-A096-CAC3215A6943}.Debug|iPhone.ActiveCfg = Debug|Any CPU
		{3DC4D2E2-4B81-45C3-A096-CAC3215A6943}.Debug|iPhone.Build.0 = Debug|Any CPU
		{3DC4D2E2-4B81-45C3-A096-CAC3215A6943}.Debug|iPhoneSimulator.ActiveCfg = Debug|Any CPU
		{3DC4D2E2-4B81-45C3-A096-CAC3215A6943}.Debug|iPhoneSimulator.Build.0 = Debug|Any CPU
		{3DC4D2E2-4B81-45C3-A096-CAC3215A6943}.Release|Any CPU.ActiveCfg = Release|Any CPU
		{3DC4D2E2-4B81-45C3-A096-CAC3215A6943}.Release|Any CPU.Build.0 = Release|Any CPU
		{3DC4D2E2-4B81-45C3-A096-CAC3215A6943}.Release|iPhone.ActiveCfg = Release|Any CPU
		{3DC4D2E2-4B81-45C3-A096-CAC3215A6943}.Release|iPhone.Build.0 = Release|Any CPU
		{3DC4D2E2-4B81-45C3-A096-CAC3215A6943}.Release|iPhoneSimulator.ActiveCfg = Release|Any CPU
		{3DC4D2E2-4B81-45C3-A096-CAC3215A6943}.Release|iPhoneSimulator.Build.0 = Release|Any CPU
		{EA4A727D-F5FF-45D0-8706-6C6EC7A0FAF4}.Debug|Any CPU.ActiveCfg = Debug|Any CPU
		{EA4A727D-F5FF-45D0-8706-6C6EC7A0FAF4}.Debug|Any CPU.Build.0 = Debug|Any CPU
		{EA4A727D-F5FF-45D0-8706-6C6EC7A0FAF4}.Debug|iPhone.ActiveCfg = Debug|Any CPU
		{EA4A727D-F5FF-45D0-8706-6C6EC7A0FAF4}.Debug|iPhone.Build.0 = Debug|Any CPU
		{EA4A727D-F5FF-45D0-8706-6C6EC7A0FAF4}.Debug|iPhoneSimulator.ActiveCfg = Debug|Any CPU
		{EA4A727D-F5FF-45D0-8706-6C6EC7A0FAF4}.Debug|iPhoneSimulator.Build.0 = Debug|Any CPU
		{EA4A727D-F5FF-45D0-8706-6C6EC7A0FAF4}.Release|Any CPU.ActiveCfg = Release|Any CPU
		{EA4A727D-F5FF-45D0-8706-6C6EC7A0FAF4}.Release|Any CPU.Build.0 = Release|Any CPU
		{EA4A727D-F5FF-45D0-8706-6C6EC7A0FAF4}.Release|iPhone.ActiveCfg = Release|Any CPU
		{EA4A727D-F5FF-45D0-8706-6C6EC7A0FAF4}.Release|iPhone.Build.0 = Release|Any CPU
		{EA4A727D-F5FF-45D0-8706-6C6EC7A0FAF4}.Release|iPhoneSimulator.ActiveCfg = Release|Any CPU
		{EA4A727D-F5FF-45D0-8706-6C6EC7A0FAF4}.Release|iPhoneSimulator.Build.0 = Release|Any CPU
		{F777F5C0-B5FC-420D-A03A-997C88B89E5C}.Debug|Any CPU.ActiveCfg = Debug|Any CPU
		{F777F5C0-B5FC-420D-A03A-997C88B89E5C}.Debug|Any CPU.Build.0 = Debug|Any CPU
		{F777F5C0-B5FC-420D-A03A-997C88B89E5C}.Debug|iPhone.ActiveCfg = Debug|Any CPU
		{F777F5C0-B5FC-420D-A03A-997C88B89E5C}.Debug|iPhone.Build.0 = Debug|Any CPU
		{F777F5C0-B5FC-420D-A03A-997C88B89E5C}.Debug|iPhoneSimulator.ActiveCfg = Debug|Any CPU
		{F777F5C0-B5FC-420D-A03A-997C88B89E5C}.Debug|iPhoneSimulator.Build.0 = Debug|Any CPU
		{F777F5C0-B5FC-420D-A03A-997C88B89E5C}.Release|Any CPU.ActiveCfg = Release|Any CPU
		{F777F5C0-B5FC-420D-A03A-997C88B89E5C}.Release|Any CPU.Build.0 = Release|Any CPU
		{F777F5C0-B5FC-420D-A03A-997C88B89E5C}.Release|iPhone.ActiveCfg = Release|Any CPU
		{F777F5C0-B5FC-420D-A03A-997C88B89E5C}.Release|iPhone.Build.0 = Release|Any CPU
		{F777F5C0-B5FC-420D-A03A-997C88B89E5C}.Release|iPhoneSimulator.ActiveCfg = Release|Any CPU
		{F777F5C0-B5FC-420D-A03A-997C88B89E5C}.Release|iPhoneSimulator.Build.0 = Release|Any CPU
		{83B0B2CB-AF6B-4F1E-8AD6-3CF97953B158}.Debug|Any CPU.ActiveCfg = Debug|Any CPU
		{83B0B2CB-AF6B-4F1E-8AD6-3CF97953B158}.Debug|Any CPU.Build.0 = Debug|Any CPU
		{83B0B2CB-AF6B-4F1E-8AD6-3CF97953B158}.Debug|iPhone.ActiveCfg = Debug|Any CPU
		{83B0B2CB-AF6B-4F1E-8AD6-3CF97953B158}.Debug|iPhone.Build.0 = Debug|Any CPU
		{83B0B2CB-AF6B-4F1E-8AD6-3CF97953B158}.Debug|iPhoneSimulator.ActiveCfg = Debug|Any CPU
		{83B0B2CB-AF6B-4F1E-8AD6-3CF97953B158}.Debug|iPhoneSimulator.Build.0 = Debug|Any CPU
		{83B0B2CB-AF6B-4F1E-8AD6-3CF97953B158}.Release|Any CPU.ActiveCfg = Release|Any CPU
		{83B0B2CB-AF6B-4F1E-8AD6-3CF97953B158}.Release|Any CPU.Build.0 = Release|Any CPU
		{83B0B2CB-AF6B-4F1E-8AD6-3CF97953B158}.Release|iPhone.ActiveCfg = Release|Any CPU
		{83B0B2CB-AF6B-4F1E-8AD6-3CF97953B158}.Release|iPhone.Build.0 = Release|Any CPU
		{83B0B2CB-AF6B-4F1E-8AD6-3CF97953B158}.Release|iPhoneSimulator.ActiveCfg = Release|Any CPU
		{83B0B2CB-AF6B-4F1E-8AD6-3CF97953B158}.Release|iPhoneSimulator.Build.0 = Release|Any CPU
		{4A73DA04-85EC-468F-A96D-98D4200280A3}.Debug|Any CPU.ActiveCfg = Debug|Any CPU
		{4A73DA04-85EC-468F-A96D-98D4200280A3}.Debug|Any CPU.Build.0 = Debug|Any CPU
		{4A73DA04-85EC-468F-A96D-98D4200280A3}.Debug|iPhone.ActiveCfg = Debug|Any CPU
		{4A73DA04-85EC-468F-A96D-98D4200280A3}.Debug|iPhone.Build.0 = Debug|Any CPU
		{4A73DA04-85EC-468F-A96D-98D4200280A3}.Debug|iPhoneSimulator.ActiveCfg = Debug|Any CPU
		{4A73DA04-85EC-468F-A96D-98D4200280A3}.Debug|iPhoneSimulator.Build.0 = Debug|Any CPU
		{4A73DA04-85EC-468F-A96D-98D4200280A3}.Release|Any CPU.ActiveCfg = Release|Any CPU
		{4A73DA04-85EC-468F-A96D-98D4200280A3}.Release|Any CPU.Build.0 = Release|Any CPU
		{4A73DA04-85EC-468F-A96D-98D4200280A3}.Release|iPhone.ActiveCfg = Release|Any CPU
		{4A73DA04-85EC-468F-A96D-98D4200280A3}.Release|iPhone.Build.0 = Release|Any CPU
		{4A73DA04-85EC-468F-A96D-98D4200280A3}.Release|iPhoneSimulator.ActiveCfg = Release|Any CPU
		{4A73DA04-85EC-468F-A96D-98D4200280A3}.Release|iPhoneSimulator.Build.0 = Release|Any CPU
		{14C01EC5-60CB-4967-BDD6-DED4EE1841E5}.Debug|Any CPU.ActiveCfg = Debug|Any CPU
		{14C01EC5-60CB-4967-BDD6-DED4EE1841E5}.Debug|Any CPU.Build.0 = Debug|Any CPU
		{14C01EC5-60CB-4967-BDD6-DED4EE1841E5}.Debug|iPhone.ActiveCfg = Debug|Any CPU
		{14C01EC5-60CB-4967-BDD6-DED4EE1841E5}.Debug|iPhone.Build.0 = Debug|Any CPU
		{14C01EC5-60CB-4967-BDD6-DED4EE1841E5}.Debug|iPhoneSimulator.ActiveCfg = Debug|Any CPU
		{14C01EC5-60CB-4967-BDD6-DED4EE1841E5}.Debug|iPhoneSimulator.Build.0 = Debug|Any CPU
		{14C01EC5-60CB-4967-BDD6-DED4EE1841E5}.Release|Any CPU.ActiveCfg = Release|Any CPU
		{14C01EC5-60CB-4967-BDD6-DED4EE1841E5}.Release|Any CPU.Build.0 = Release|Any CPU
		{14C01EC5-60CB-4967-BDD6-DED4EE1841E5}.Release|iPhone.ActiveCfg = Release|Any CPU
		{14C01EC5-60CB-4967-BDD6-DED4EE1841E5}.Release|iPhone.Build.0 = Release|Any CPU
		{14C01EC5-60CB-4967-BDD6-DED4EE1841E5}.Release|iPhoneSimulator.ActiveCfg = Release|Any CPU
		{14C01EC5-60CB-4967-BDD6-DED4EE1841E5}.Release|iPhoneSimulator.Build.0 = Release|Any CPU
		{63E13A18-E149-48A5-8D36-3D7DC4E4A37A}.Debug|Any CPU.ActiveCfg = Debug|Any CPU
		{63E13A18-E149-48A5-8D36-3D7DC4E4A37A}.Debug|Any CPU.Build.0 = Debug|Any CPU
		{63E13A18-E149-48A5-8D36-3D7DC4E4A37A}.Debug|iPhone.ActiveCfg = Debug|Any CPU
		{63E13A18-E149-48A5-8D36-3D7DC4E4A37A}.Debug|iPhone.Build.0 = Debug|Any CPU
		{63E13A18-E149-48A5-8D36-3D7DC4E4A37A}.Debug|iPhoneSimulator.ActiveCfg = Debug|Any CPU
		{63E13A18-E149-48A5-8D36-3D7DC4E4A37A}.Debug|iPhoneSimulator.Build.0 = Debug|Any CPU
		{63E13A18-E149-48A5-8D36-3D7DC4E4A37A}.Release|Any CPU.ActiveCfg = Release|Any CPU
		{63E13A18-E149-48A5-8D36-3D7DC4E4A37A}.Release|Any CPU.Build.0 = Release|Any CPU
		{63E13A18-E149-48A5-8D36-3D7DC4E4A37A}.Release|iPhone.ActiveCfg = Release|Any CPU
		{63E13A18-E149-48A5-8D36-3D7DC4E4A37A}.Release|iPhone.Build.0 = Release|Any CPU
		{63E13A18-E149-48A5-8D36-3D7DC4E4A37A}.Release|iPhoneSimulator.ActiveCfg = Release|Any CPU
		{63E13A18-E149-48A5-8D36-3D7DC4E4A37A}.Release|iPhoneSimulator.Build.0 = Release|Any CPU
		{8CD24CF7-32A0-46A1-9F7D-A37BDA1971EF}.Debug|Any CPU.ActiveCfg = Debug|Any CPU
		{8CD24CF7-32A0-46A1-9F7D-A37BDA1971EF}.Debug|Any CPU.Build.0 = Debug|Any CPU
		{8CD24CF7-32A0-46A1-9F7D-A37BDA1971EF}.Debug|iPhone.ActiveCfg = Debug|Any CPU
		{8CD24CF7-32A0-46A1-9F7D-A37BDA1971EF}.Debug|iPhone.Build.0 = Debug|Any CPU
		{8CD24CF7-32A0-46A1-9F7D-A37BDA1971EF}.Debug|iPhoneSimulator.ActiveCfg = Debug|Any CPU
		{8CD24CF7-32A0-46A1-9F7D-A37BDA1971EF}.Debug|iPhoneSimulator.Build.0 = Debug|Any CPU
		{8CD24CF7-32A0-46A1-9F7D-A37BDA1971EF}.Release|Any CPU.ActiveCfg = Release|Any CPU
		{8CD24CF7-32A0-46A1-9F7D-A37BDA1971EF}.Release|Any CPU.Build.0 = Release|Any CPU
		{8CD24CF7-32A0-46A1-9F7D-A37BDA1971EF}.Release|iPhone.ActiveCfg = Release|Any CPU
		{8CD24CF7-32A0-46A1-9F7D-A37BDA1971EF}.Release|iPhone.Build.0 = Release|Any CPU
		{8CD24CF7-32A0-46A1-9F7D-A37BDA1971EF}.Release|iPhoneSimulator.ActiveCfg = Release|Any CPU
		{8CD24CF7-32A0-46A1-9F7D-A37BDA1971EF}.Release|iPhoneSimulator.Build.0 = Release|Any CPU
		{8A44D7F5-730D-46D0-9CD4-3347C31FAE54}.Debug|Any CPU.ActiveCfg = Debug|Any CPU
		{8A44D7F5-730D-46D0-9CD4-3347C31FAE54}.Debug|Any CPU.Build.0 = Debug|Any CPU
		{8A44D7F5-730D-46D0-9CD4-3347C31FAE54}.Debug|iPhone.ActiveCfg = Debug|Any CPU
		{8A44D7F5-730D-46D0-9CD4-3347C31FAE54}.Debug|iPhone.Build.0 = Debug|Any CPU
		{8A44D7F5-730D-46D0-9CD4-3347C31FAE54}.Debug|iPhoneSimulator.ActiveCfg = Debug|Any CPU
		{8A44D7F5-730D-46D0-9CD4-3347C31FAE54}.Debug|iPhoneSimulator.Build.0 = Debug|Any CPU
		{8A44D7F5-730D-46D0-9CD4-3347C31FAE54}.Release|Any CPU.ActiveCfg = Release|Any CPU
		{8A44D7F5-730D-46D0-9CD4-3347C31FAE54}.Release|Any CPU.Build.0 = Release|Any CPU
		{8A44D7F5-730D-46D0-9CD4-3347C31FAE54}.Release|iPhone.ActiveCfg = Release|Any CPU
		{8A44D7F5-730D-46D0-9CD4-3347C31FAE54}.Release|iPhone.Build.0 = Release|Any CPU
		{8A44D7F5-730D-46D0-9CD4-3347C31FAE54}.Release|iPhoneSimulator.ActiveCfg = Release|Any CPU
		{8A44D7F5-730D-46D0-9CD4-3347C31FAE54}.Release|iPhoneSimulator.Build.0 = Release|Any CPU
		{CB6D7E77-313A-4123-A3FB-F2A8800A6BC9}.Debug|Any CPU.ActiveCfg = Debug|Any CPU
		{CB6D7E77-313A-4123-A3FB-F2A8800A6BC9}.Debug|Any CPU.Build.0 = Debug|Any CPU
		{CB6D7E77-313A-4123-A3FB-F2A8800A6BC9}.Debug|iPhone.ActiveCfg = Debug|Any CPU
		{CB6D7E77-313A-4123-A3FB-F2A8800A6BC9}.Debug|iPhone.Build.0 = Debug|Any CPU
		{CB6D7E77-313A-4123-A3FB-F2A8800A6BC9}.Debug|iPhoneSimulator.ActiveCfg = Debug|Any CPU
		{CB6D7E77-313A-4123-A3FB-F2A8800A6BC9}.Debug|iPhoneSimulator.Build.0 = Debug|Any CPU
		{CB6D7E77-313A-4123-A3FB-F2A8800A6BC9}.Release|Any CPU.ActiveCfg = Release|Any CPU
		{CB6D7E77-313A-4123-A3FB-F2A8800A6BC9}.Release|Any CPU.Build.0 = Release|Any CPU
		{CB6D7E77-313A-4123-A3FB-F2A8800A6BC9}.Release|iPhone.ActiveCfg = Release|Any CPU
		{CB6D7E77-313A-4123-A3FB-F2A8800A6BC9}.Release|iPhone.Build.0 = Release|Any CPU
		{CB6D7E77-313A-4123-A3FB-F2A8800A6BC9}.Release|iPhoneSimulator.ActiveCfg = Release|Any CPU
		{CB6D7E77-313A-4123-A3FB-F2A8800A6BC9}.Release|iPhoneSimulator.Build.0 = Release|Any CPU
		{AF9FE0CD-603B-46B7-B5EF-AD9A2241D6DD}.Debug|Any CPU.ActiveCfg = Debug|Any CPU
		{AF9FE0CD-603B-46B7-B5EF-AD9A2241D6DD}.Debug|Any CPU.Build.0 = Debug|Any CPU
		{AF9FE0CD-603B-46B7-B5EF-AD9A2241D6DD}.Debug|iPhone.ActiveCfg = Debug|Any CPU
		{AF9FE0CD-603B-46B7-B5EF-AD9A2241D6DD}.Debug|iPhone.Build.0 = Debug|Any CPU
		{AF9FE0CD-603B-46B7-B5EF-AD9A2241D6DD}.Debug|iPhoneSimulator.ActiveCfg = Debug|Any CPU
		{AF9FE0CD-603B-46B7-B5EF-AD9A2241D6DD}.Debug|iPhoneSimulator.Build.0 = Debug|Any CPU
		{AF9FE0CD-603B-46B7-B5EF-AD9A2241D6DD}.Release|Any CPU.ActiveCfg = Release|Any CPU
		{AF9FE0CD-603B-46B7-B5EF-AD9A2241D6DD}.Release|Any CPU.Build.0 = Release|Any CPU
		{AF9FE0CD-603B-46B7-B5EF-AD9A2241D6DD}.Release|iPhone.ActiveCfg = Release|Any CPU
		{AF9FE0CD-603B-46B7-B5EF-AD9A2241D6DD}.Release|iPhone.Build.0 = Release|Any CPU
		{AF9FE0CD-603B-46B7-B5EF-AD9A2241D6DD}.Release|iPhoneSimulator.ActiveCfg = Release|Any CPU
		{AF9FE0CD-603B-46B7-B5EF-AD9A2241D6DD}.Release|iPhoneSimulator.Build.0 = Release|Any CPU
		{6D4ECF7F-BBF7-459D-8370-49B6B7248C93}.Debug|Any CPU.ActiveCfg = Debug|Any CPU
		{6D4ECF7F-BBF7-459D-8370-49B6B7248C93}.Debug|Any CPU.Build.0 = Debug|Any CPU
		{6D4ECF7F-BBF7-459D-8370-49B6B7248C93}.Debug|iPhone.ActiveCfg = Debug|Any CPU
		{6D4ECF7F-BBF7-459D-8370-49B6B7248C93}.Debug|iPhone.Build.0 = Debug|Any CPU
		{6D4ECF7F-BBF7-459D-8370-49B6B7248C93}.Debug|iPhoneSimulator.ActiveCfg = Debug|Any CPU
		{6D4ECF7F-BBF7-459D-8370-49B6B7248C93}.Debug|iPhoneSimulator.Build.0 = Debug|Any CPU
		{6D4ECF7F-BBF7-459D-8370-49B6B7248C93}.Release|Any CPU.ActiveCfg = Release|Any CPU
		{6D4ECF7F-BBF7-459D-8370-49B6B7248C93}.Release|Any CPU.Build.0 = Release|Any CPU
		{6D4ECF7F-BBF7-459D-8370-49B6B7248C93}.Release|iPhone.ActiveCfg = Release|Any CPU
		{6D4ECF7F-BBF7-459D-8370-49B6B7248C93}.Release|iPhone.Build.0 = Release|Any CPU
		{6D4ECF7F-BBF7-459D-8370-49B6B7248C93}.Release|iPhoneSimulator.ActiveCfg = Release|Any CPU
		{6D4ECF7F-BBF7-459D-8370-49B6B7248C93}.Release|iPhoneSimulator.Build.0 = Release|Any CPU
		{3C660B9C-0D7B-4566-9E4E-3B03C192011A}.Debug|Any CPU.ActiveCfg = Debug|Any CPU
		{3C660B9C-0D7B-4566-9E4E-3B03C192011A}.Debug|Any CPU.Build.0 = Debug|Any CPU
		{3C660B9C-0D7B-4566-9E4E-3B03C192011A}.Debug|iPhone.ActiveCfg = Debug|Any CPU
		{3C660B9C-0D7B-4566-9E4E-3B03C192011A}.Debug|iPhone.Build.0 = Debug|Any CPU
		{3C660B9C-0D7B-4566-9E4E-3B03C192011A}.Debug|iPhoneSimulator.ActiveCfg = Debug|Any CPU
		{3C660B9C-0D7B-4566-9E4E-3B03C192011A}.Debug|iPhoneSimulator.Build.0 = Debug|Any CPU
		{3C660B9C-0D7B-4566-9E4E-3B03C192011A}.Release|Any CPU.ActiveCfg = Release|Any CPU
		{3C660B9C-0D7B-4566-9E4E-3B03C192011A}.Release|Any CPU.Build.0 = Release|Any CPU
		{3C660B9C-0D7B-4566-9E4E-3B03C192011A}.Release|iPhone.ActiveCfg = Release|Any CPU
		{3C660B9C-0D7B-4566-9E4E-3B03C192011A}.Release|iPhone.Build.0 = Release|Any CPU
		{3C660B9C-0D7B-4566-9E4E-3B03C192011A}.Release|iPhoneSimulator.ActiveCfg = Release|Any CPU
		{3C660B9C-0D7B-4566-9E4E-3B03C192011A}.Release|iPhoneSimulator.Build.0 = Release|Any CPU
		{FD96F8E1-6612-44B6-85FA-8F372A70DE50}.Debug|Any CPU.ActiveCfg = Debug|Any CPU
		{FD96F8E1-6612-44B6-85FA-8F372A70DE50}.Debug|Any CPU.Build.0 = Debug|Any CPU
		{FD96F8E1-6612-44B6-85FA-8F372A70DE50}.Debug|iPhone.ActiveCfg = Debug|Any CPU
		{FD96F8E1-6612-44B6-85FA-8F372A70DE50}.Debug|iPhone.Build.0 = Debug|Any CPU
		{FD96F8E1-6612-44B6-85FA-8F372A70DE50}.Debug|iPhoneSimulator.ActiveCfg = Debug|Any CPU
		{FD96F8E1-6612-44B6-85FA-8F372A70DE50}.Debug|iPhoneSimulator.Build.0 = Debug|Any CPU
		{FD96F8E1-6612-44B6-85FA-8F372A70DE50}.Release|Any CPU.ActiveCfg = Release|Any CPU
		{FD96F8E1-6612-44B6-85FA-8F372A70DE50}.Release|Any CPU.Build.0 = Release|Any CPU
		{FD96F8E1-6612-44B6-85FA-8F372A70DE50}.Release|iPhone.ActiveCfg = Release|Any CPU
		{FD96F8E1-6612-44B6-85FA-8F372A70DE50}.Release|iPhone.Build.0 = Release|Any CPU
		{FD96F8E1-6612-44B6-85FA-8F372A70DE50}.Release|iPhoneSimulator.ActiveCfg = Release|Any CPU
		{FD96F8E1-6612-44B6-85FA-8F372A70DE50}.Release|iPhoneSimulator.Build.0 = Release|Any CPU
		{7366F3F8-1420-4F24-87CE-A8CFB040CE7F}.Debug|Any CPU.ActiveCfg = Debug|Any CPU
		{7366F3F8-1420-4F24-87CE-A8CFB040CE7F}.Debug|Any CPU.Build.0 = Debug|Any CPU
		{7366F3F8-1420-4F24-87CE-A8CFB040CE7F}.Debug|iPhone.ActiveCfg = Debug|Any CPU
		{7366F3F8-1420-4F24-87CE-A8CFB040CE7F}.Debug|iPhone.Build.0 = Debug|Any CPU
		{7366F3F8-1420-4F24-87CE-A8CFB040CE7F}.Debug|iPhoneSimulator.ActiveCfg = Debug|Any CPU
		{7366F3F8-1420-4F24-87CE-A8CFB040CE7F}.Debug|iPhoneSimulator.Build.0 = Debug|Any CPU
		{7366F3F8-1420-4F24-87CE-A8CFB040CE7F}.Release|Any CPU.ActiveCfg = Release|Any CPU
		{7366F3F8-1420-4F24-87CE-A8CFB040CE7F}.Release|Any CPU.Build.0 = Release|Any CPU
		{7366F3F8-1420-4F24-87CE-A8CFB040CE7F}.Release|iPhone.ActiveCfg = Release|Any CPU
		{7366F3F8-1420-4F24-87CE-A8CFB040CE7F}.Release|iPhone.Build.0 = Release|Any CPU
		{7366F3F8-1420-4F24-87CE-A8CFB040CE7F}.Release|iPhoneSimulator.ActiveCfg = Release|Any CPU
		{7366F3F8-1420-4F24-87CE-A8CFB040CE7F}.Release|iPhoneSimulator.Build.0 = Release|Any CPU
		{41E71320-2B4A-486F-899D-4AB30A82D75B}.Debug|Any CPU.ActiveCfg = Debug|Any CPU
		{41E71320-2B4A-486F-899D-4AB30A82D75B}.Debug|Any CPU.Build.0 = Debug|Any CPU
		{41E71320-2B4A-486F-899D-4AB30A82D75B}.Debug|iPhone.ActiveCfg = Debug|Any CPU
		{41E71320-2B4A-486F-899D-4AB30A82D75B}.Debug|iPhone.Build.0 = Debug|Any CPU
		{41E71320-2B4A-486F-899D-4AB30A82D75B}.Debug|iPhoneSimulator.ActiveCfg = Debug|Any CPU
		{41E71320-2B4A-486F-899D-4AB30A82D75B}.Debug|iPhoneSimulator.Build.0 = Debug|Any CPU
		{41E71320-2B4A-486F-899D-4AB30A82D75B}.Release|Any CPU.ActiveCfg = Release|Any CPU
		{41E71320-2B4A-486F-899D-4AB30A82D75B}.Release|Any CPU.Build.0 = Release|Any CPU
		{41E71320-2B4A-486F-899D-4AB30A82D75B}.Release|iPhone.ActiveCfg = Release|Any CPU
		{41E71320-2B4A-486F-899D-4AB30A82D75B}.Release|iPhone.Build.0 = Release|Any CPU
		{41E71320-2B4A-486F-899D-4AB30A82D75B}.Release|iPhoneSimulator.ActiveCfg = Release|Any CPU
		{41E71320-2B4A-486F-899D-4AB30A82D75B}.Release|iPhoneSimulator.Build.0 = Release|Any CPU
		{7341B130-5440-4C4F-BA7F-502C4271A461}.Debug|Any CPU.ActiveCfg = Debug|Any CPU
		{7341B130-5440-4C4F-BA7F-502C4271A461}.Debug|Any CPU.Build.0 = Debug|Any CPU
		{7341B130-5440-4C4F-BA7F-502C4271A461}.Debug|iPhone.ActiveCfg = Debug|Any CPU
		{7341B130-5440-4C4F-BA7F-502C4271A461}.Debug|iPhone.Build.0 = Debug|Any CPU
		{7341B130-5440-4C4F-BA7F-502C4271A461}.Debug|iPhoneSimulator.ActiveCfg = Debug|Any CPU
		{7341B130-5440-4C4F-BA7F-502C4271A461}.Debug|iPhoneSimulator.Build.0 = Debug|Any CPU
		{7341B130-5440-4C4F-BA7F-502C4271A461}.Release|Any CPU.ActiveCfg = Release|Any CPU
		{7341B130-5440-4C4F-BA7F-502C4271A461}.Release|Any CPU.Build.0 = Release|Any CPU
		{7341B130-5440-4C4F-BA7F-502C4271A461}.Release|iPhone.ActiveCfg = Release|Any CPU
		{7341B130-5440-4C4F-BA7F-502C4271A461}.Release|iPhone.Build.0 = Release|Any CPU
		{7341B130-5440-4C4F-BA7F-502C4271A461}.Release|iPhoneSimulator.ActiveCfg = Release|Any CPU
		{7341B130-5440-4C4F-BA7F-502C4271A461}.Release|iPhoneSimulator.Build.0 = Release|Any CPU
		{6F47BEAC-9148-4730-B8E6-D0B46B1CAEB9}.Debug|Any CPU.ActiveCfg = Debug|Any CPU
		{6F47BEAC-9148-4730-B8E6-D0B46B1CAEB9}.Debug|Any CPU.Build.0 = Debug|Any CPU
		{6F47BEAC-9148-4730-B8E6-D0B46B1CAEB9}.Debug|iPhone.ActiveCfg = Debug|Any CPU
		{6F47BEAC-9148-4730-B8E6-D0B46B1CAEB9}.Debug|iPhone.Build.0 = Debug|Any CPU
		{6F47BEAC-9148-4730-B8E6-D0B46B1CAEB9}.Debug|iPhoneSimulator.ActiveCfg = Debug|Any CPU
		{6F47BEAC-9148-4730-B8E6-D0B46B1CAEB9}.Debug|iPhoneSimulator.Build.0 = Debug|Any CPU
		{6F47BEAC-9148-4730-B8E6-D0B46B1CAEB9}.Release|Any CPU.ActiveCfg = Release|Any CPU
		{6F47BEAC-9148-4730-B8E6-D0B46B1CAEB9}.Release|Any CPU.Build.0 = Release|Any CPU
		{6F47BEAC-9148-4730-B8E6-D0B46B1CAEB9}.Release|iPhone.ActiveCfg = Release|Any CPU
		{6F47BEAC-9148-4730-B8E6-D0B46B1CAEB9}.Release|iPhone.Build.0 = Release|Any CPU
		{6F47BEAC-9148-4730-B8E6-D0B46B1CAEB9}.Release|iPhoneSimulator.ActiveCfg = Release|Any CPU
		{6F47BEAC-9148-4730-B8E6-D0B46B1CAEB9}.Release|iPhoneSimulator.Build.0 = Release|Any CPU
		{4A8B6904-4310-47A7-BD6E-0F905002833A}.Debug|Any CPU.ActiveCfg = Debug|Any CPU
		{4A8B6904-4310-47A7-BD6E-0F905002833A}.Debug|Any CPU.Build.0 = Debug|Any CPU
		{4A8B6904-4310-47A7-BD6E-0F905002833A}.Debug|iPhone.ActiveCfg = Debug|Any CPU
		{4A8B6904-4310-47A7-BD6E-0F905002833A}.Debug|iPhone.Build.0 = Debug|Any CPU
		{4A8B6904-4310-47A7-BD6E-0F905002833A}.Debug|iPhoneSimulator.ActiveCfg = Debug|Any CPU
		{4A8B6904-4310-47A7-BD6E-0F905002833A}.Debug|iPhoneSimulator.Build.0 = Debug|Any CPU
		{4A8B6904-4310-47A7-BD6E-0F905002833A}.Release|Any CPU.ActiveCfg = Release|Any CPU
		{4A8B6904-4310-47A7-BD6E-0F905002833A}.Release|Any CPU.Build.0 = Release|Any CPU
		{4A8B6904-4310-47A7-BD6E-0F905002833A}.Release|iPhone.ActiveCfg = Release|Any CPU
		{4A8B6904-4310-47A7-BD6E-0F905002833A}.Release|iPhone.Build.0 = Release|Any CPU
		{4A8B6904-4310-47A7-BD6E-0F905002833A}.Release|iPhoneSimulator.ActiveCfg = Release|Any CPU
		{4A8B6904-4310-47A7-BD6E-0F905002833A}.Release|iPhoneSimulator.Build.0 = Release|Any CPU
		{AF17E1FB-053B-4ECB-8D3F-08E3FD274A4E}.Debug|Any CPU.ActiveCfg = Debug|Any CPU
		{AF17E1FB-053B-4ECB-8D3F-08E3FD274A4E}.Debug|Any CPU.Build.0 = Debug|Any CPU
		{AF17E1FB-053B-4ECB-8D3F-08E3FD274A4E}.Debug|iPhone.ActiveCfg = Debug|Any CPU
		{AF17E1FB-053B-4ECB-8D3F-08E3FD274A4E}.Debug|iPhone.Build.0 = Debug|Any CPU
		{AF17E1FB-053B-4ECB-8D3F-08E3FD274A4E}.Debug|iPhoneSimulator.ActiveCfg = Debug|Any CPU
		{AF17E1FB-053B-4ECB-8D3F-08E3FD274A4E}.Debug|iPhoneSimulator.Build.0 = Debug|Any CPU
		{AF17E1FB-053B-4ECB-8D3F-08E3FD274A4E}.Release|Any CPU.ActiveCfg = Release|Any CPU
		{AF17E1FB-053B-4ECB-8D3F-08E3FD274A4E}.Release|Any CPU.Build.0 = Release|Any CPU
		{AF17E1FB-053B-4ECB-8D3F-08E3FD274A4E}.Release|iPhone.ActiveCfg = Release|Any CPU
		{AF17E1FB-053B-4ECB-8D3F-08E3FD274A4E}.Release|iPhone.Build.0 = Release|Any CPU
		{AF17E1FB-053B-4ECB-8D3F-08E3FD274A4E}.Release|iPhoneSimulator.ActiveCfg = Release|Any CPU
		{AF17E1FB-053B-4ECB-8D3F-08E3FD274A4E}.Release|iPhoneSimulator.Build.0 = Release|Any CPU
		{EE21F9E4-4D83-4C30-9BA5-820F1514BE4B}.Debug|Any CPU.ActiveCfg = Debug|Any CPU
		{EE21F9E4-4D83-4C30-9BA5-820F1514BE4B}.Debug|Any CPU.Build.0 = Debug|Any CPU
		{EE21F9E4-4D83-4C30-9BA5-820F1514BE4B}.Debug|iPhone.ActiveCfg = Debug|Any CPU
		{EE21F9E4-4D83-4C30-9BA5-820F1514BE4B}.Debug|iPhone.Build.0 = Debug|Any CPU
		{EE21F9E4-4D83-4C30-9BA5-820F1514BE4B}.Debug|iPhoneSimulator.ActiveCfg = Debug|Any CPU
		{EE21F9E4-4D83-4C30-9BA5-820F1514BE4B}.Debug|iPhoneSimulator.Build.0 = Debug|Any CPU
		{EE21F9E4-4D83-4C30-9BA5-820F1514BE4B}.Release|Any CPU.ActiveCfg = Release|Any CPU
		{EE21F9E4-4D83-4C30-9BA5-820F1514BE4B}.Release|Any CPU.Build.0 = Release|Any CPU
		{EE21F9E4-4D83-4C30-9BA5-820F1514BE4B}.Release|iPhone.ActiveCfg = Release|Any CPU
		{EE21F9E4-4D83-4C30-9BA5-820F1514BE4B}.Release|iPhone.Build.0 = Release|Any CPU
		{EE21F9E4-4D83-4C30-9BA5-820F1514BE4B}.Release|iPhoneSimulator.ActiveCfg = Release|Any CPU
		{EE21F9E4-4D83-4C30-9BA5-820F1514BE4B}.Release|iPhoneSimulator.Build.0 = Release|Any CPU
		{590E3E97-F454-4249-9C13-F16B24FA04C4}.Debug|Any CPU.ActiveCfg = Debug|Any CPU
		{590E3E97-F454-4249-9C13-F16B24FA04C4}.Debug|Any CPU.Build.0 = Debug|Any CPU
		{590E3E97-F454-4249-9C13-F16B24FA04C4}.Debug|iPhone.ActiveCfg = Debug|Any CPU
		{590E3E97-F454-4249-9C13-F16B24FA04C4}.Debug|iPhone.Build.0 = Debug|Any CPU
		{590E3E97-F454-4249-9C13-F16B24FA04C4}.Debug|iPhoneSimulator.ActiveCfg = Debug|Any CPU
		{590E3E97-F454-4249-9C13-F16B24FA04C4}.Debug|iPhoneSimulator.Build.0 = Debug|Any CPU
		{590E3E97-F454-4249-9C13-F16B24FA04C4}.Release|Any CPU.ActiveCfg = Release|Any CPU
		{590E3E97-F454-4249-9C13-F16B24FA04C4}.Release|Any CPU.Build.0 = Release|Any CPU
		{590E3E97-F454-4249-9C13-F16B24FA04C4}.Release|iPhone.ActiveCfg = Release|Any CPU
		{590E3E97-F454-4249-9C13-F16B24FA04C4}.Release|iPhone.Build.0 = Release|Any CPU
		{590E3E97-F454-4249-9C13-F16B24FA04C4}.Release|iPhoneSimulator.ActiveCfg = Release|Any CPU
		{590E3E97-F454-4249-9C13-F16B24FA04C4}.Release|iPhoneSimulator.Build.0 = Release|Any CPU
		{24E7B24D-EB08-4F97-BF76-34E4BCD26768}.Debug|Any CPU.ActiveCfg = Debug|Any CPU
		{24E7B24D-EB08-4F97-BF76-34E4BCD26768}.Debug|Any CPU.Build.0 = Debug|Any CPU
		{24E7B24D-EB08-4F97-BF76-34E4BCD26768}.Debug|iPhone.ActiveCfg = Debug|Any CPU
		{24E7B24D-EB08-4F97-BF76-34E4BCD26768}.Debug|iPhone.Build.0 = Debug|Any CPU
		{24E7B24D-EB08-4F97-BF76-34E4BCD26768}.Debug|iPhoneSimulator.ActiveCfg = Debug|Any CPU
		{24E7B24D-EB08-4F97-BF76-34E4BCD26768}.Debug|iPhoneSimulator.Build.0 = Debug|Any CPU
		{24E7B24D-EB08-4F97-BF76-34E4BCD26768}.Release|Any CPU.ActiveCfg = Release|Any CPU
		{24E7B24D-EB08-4F97-BF76-34E4BCD26768}.Release|Any CPU.Build.0 = Release|Any CPU
		{24E7B24D-EB08-4F97-BF76-34E4BCD26768}.Release|iPhone.ActiveCfg = Release|Any CPU
		{24E7B24D-EB08-4F97-BF76-34E4BCD26768}.Release|iPhone.Build.0 = Release|Any CPU
		{24E7B24D-EB08-4F97-BF76-34E4BCD26768}.Release|iPhoneSimulator.ActiveCfg = Release|Any CPU
		{24E7B24D-EB08-4F97-BF76-34E4BCD26768}.Release|iPhoneSimulator.Build.0 = Release|Any CPU
		{C817691F-E367-4FCB-9432-F2BC94F84CA9}.Debug|Any CPU.ActiveCfg = Debug|Any CPU
		{C817691F-E367-4FCB-9432-F2BC94F84CA9}.Debug|Any CPU.Build.0 = Debug|Any CPU
		{C817691F-E367-4FCB-9432-F2BC94F84CA9}.Debug|iPhone.ActiveCfg = Debug|Any CPU
		{C817691F-E367-4FCB-9432-F2BC94F84CA9}.Debug|iPhone.Build.0 = Debug|Any CPU
		{C817691F-E367-4FCB-9432-F2BC94F84CA9}.Debug|iPhoneSimulator.ActiveCfg = Debug|Any CPU
		{C817691F-E367-4FCB-9432-F2BC94F84CA9}.Debug|iPhoneSimulator.Build.0 = Debug|Any CPU
		{C817691F-E367-4FCB-9432-F2BC94F84CA9}.Release|Any CPU.ActiveCfg = Release|Any CPU
		{C817691F-E367-4FCB-9432-F2BC94F84CA9}.Release|Any CPU.Build.0 = Release|Any CPU
		{C817691F-E367-4FCB-9432-F2BC94F84CA9}.Release|iPhone.ActiveCfg = Release|Any CPU
		{C817691F-E367-4FCB-9432-F2BC94F84CA9}.Release|iPhone.Build.0 = Release|Any CPU
		{C817691F-E367-4FCB-9432-F2BC94F84CA9}.Release|iPhoneSimulator.ActiveCfg = Release|Any CPU
		{C817691F-E367-4FCB-9432-F2BC94F84CA9}.Release|iPhoneSimulator.Build.0 = Release|Any CPU
		{475E4C37-6943-4B80-B71C-1AA52AFDFCA5}.Debug|Any CPU.ActiveCfg = Debug|Any CPU
		{475E4C37-6943-4B80-B71C-1AA52AFDFCA5}.Debug|Any CPU.Build.0 = Debug|Any CPU
		{475E4C37-6943-4B80-B71C-1AA52AFDFCA5}.Debug|iPhone.ActiveCfg = Debug|Any CPU
		{475E4C37-6943-4B80-B71C-1AA52AFDFCA5}.Debug|iPhone.Build.0 = Debug|Any CPU
		{475E4C37-6943-4B80-B71C-1AA52AFDFCA5}.Debug|iPhoneSimulator.ActiveCfg = Debug|Any CPU
		{475E4C37-6943-4B80-B71C-1AA52AFDFCA5}.Debug|iPhoneSimulator.Build.0 = Debug|Any CPU
		{475E4C37-6943-4B80-B71C-1AA52AFDFCA5}.Release|Any CPU.ActiveCfg = Release|Any CPU
		{475E4C37-6943-4B80-B71C-1AA52AFDFCA5}.Release|Any CPU.Build.0 = Release|Any CPU
		{475E4C37-6943-4B80-B71C-1AA52AFDFCA5}.Release|iPhone.ActiveCfg = Release|Any CPU
		{475E4C37-6943-4B80-B71C-1AA52AFDFCA5}.Release|iPhone.Build.0 = Release|Any CPU
		{475E4C37-6943-4B80-B71C-1AA52AFDFCA5}.Release|iPhoneSimulator.ActiveCfg = Release|Any CPU
		{475E4C37-6943-4B80-B71C-1AA52AFDFCA5}.Release|iPhoneSimulator.Build.0 = Release|Any CPU
		{01519CFB-28D9-435D-84F0-CB78B1136B99}.Debug|Any CPU.ActiveCfg = Debug|Any CPU
		{01519CFB-28D9-435D-84F0-CB78B1136B99}.Debug|Any CPU.Build.0 = Debug|Any CPU
		{01519CFB-28D9-435D-84F0-CB78B1136B99}.Debug|iPhone.ActiveCfg = Debug|Any CPU
		{01519CFB-28D9-435D-84F0-CB78B1136B99}.Debug|iPhone.Build.0 = Debug|Any CPU
		{01519CFB-28D9-435D-84F0-CB78B1136B99}.Debug|iPhoneSimulator.ActiveCfg = Debug|Any CPU
		{01519CFB-28D9-435D-84F0-CB78B1136B99}.Debug|iPhoneSimulator.Build.0 = Debug|Any CPU
		{01519CFB-28D9-435D-84F0-CB78B1136B99}.Release|Any CPU.ActiveCfg = Release|Any CPU
		{01519CFB-28D9-435D-84F0-CB78B1136B99}.Release|Any CPU.Build.0 = Release|Any CPU
		{01519CFB-28D9-435D-84F0-CB78B1136B99}.Release|iPhone.ActiveCfg = Release|Any CPU
		{01519CFB-28D9-435D-84F0-CB78B1136B99}.Release|iPhone.Build.0 = Release|Any CPU
		{01519CFB-28D9-435D-84F0-CB78B1136B99}.Release|iPhoneSimulator.ActiveCfg = Release|Any CPU
		{01519CFB-28D9-435D-84F0-CB78B1136B99}.Release|iPhoneSimulator.Build.0 = Release|Any CPU
		{1583BC63-44BE-42E0-A3F1-1EEA5C791F6A}.Debug|Any CPU.ActiveCfg = Debug|Any CPU
		{1583BC63-44BE-42E0-A3F1-1EEA5C791F6A}.Debug|Any CPU.Build.0 = Debug|Any CPU
		{1583BC63-44BE-42E0-A3F1-1EEA5C791F6A}.Debug|iPhone.ActiveCfg = Debug|Any CPU
		{1583BC63-44BE-42E0-A3F1-1EEA5C791F6A}.Debug|iPhone.Build.0 = Debug|Any CPU
		{1583BC63-44BE-42E0-A3F1-1EEA5C791F6A}.Debug|iPhoneSimulator.ActiveCfg = Debug|Any CPU
		{1583BC63-44BE-42E0-A3F1-1EEA5C791F6A}.Debug|iPhoneSimulator.Build.0 = Debug|Any CPU
		{1583BC63-44BE-42E0-A3F1-1EEA5C791F6A}.Release|Any CPU.ActiveCfg = Release|Any CPU
		{1583BC63-44BE-42E0-A3F1-1EEA5C791F6A}.Release|Any CPU.Build.0 = Release|Any CPU
		{1583BC63-44BE-42E0-A3F1-1EEA5C791F6A}.Release|iPhone.ActiveCfg = Release|Any CPU
		{1583BC63-44BE-42E0-A3F1-1EEA5C791F6A}.Release|iPhone.Build.0 = Release|Any CPU
		{1583BC63-44BE-42E0-A3F1-1EEA5C791F6A}.Release|iPhoneSimulator.ActiveCfg = Release|Any CPU
		{1583BC63-44BE-42E0-A3F1-1EEA5C791F6A}.Release|iPhoneSimulator.Build.0 = Release|Any CPU
		{047202CB-0419-42E3-8878-F36FE14BBDBB}.Debug|Any CPU.ActiveCfg = Debug|Any CPU
		{047202CB-0419-42E3-8878-F36FE14BBDBB}.Debug|Any CPU.Build.0 = Debug|Any CPU
		{047202CB-0419-42E3-8878-F36FE14BBDBB}.Debug|iPhone.ActiveCfg = Debug|Any CPU
		{047202CB-0419-42E3-8878-F36FE14BBDBB}.Debug|iPhone.Build.0 = Debug|Any CPU
		{047202CB-0419-42E3-8878-F36FE14BBDBB}.Debug|iPhoneSimulator.ActiveCfg = Debug|Any CPU
		{047202CB-0419-42E3-8878-F36FE14BBDBB}.Debug|iPhoneSimulator.Build.0 = Debug|Any CPU
		{047202CB-0419-42E3-8878-F36FE14BBDBB}.Release|Any CPU.ActiveCfg = Release|Any CPU
		{047202CB-0419-42E3-8878-F36FE14BBDBB}.Release|Any CPU.Build.0 = Release|Any CPU
		{047202CB-0419-42E3-8878-F36FE14BBDBB}.Release|iPhone.ActiveCfg = Release|Any CPU
		{047202CB-0419-42E3-8878-F36FE14BBDBB}.Release|iPhone.Build.0 = Release|Any CPU
		{047202CB-0419-42E3-8878-F36FE14BBDBB}.Release|iPhoneSimulator.ActiveCfg = Release|Any CPU
		{047202CB-0419-42E3-8878-F36FE14BBDBB}.Release|iPhoneSimulator.Build.0 = Release|Any CPU
		{80ADF525-6318-426C-9E8B-A5E16E5C9784}.Debug|Any CPU.ActiveCfg = Debug|Any CPU
		{80ADF525-6318-426C-9E8B-A5E16E5C9784}.Debug|Any CPU.Build.0 = Debug|Any CPU
		{80ADF525-6318-426C-9E8B-A5E16E5C9784}.Debug|iPhone.ActiveCfg = Debug|Any CPU
		{80ADF525-6318-426C-9E8B-A5E16E5C9784}.Debug|iPhone.Build.0 = Debug|Any CPU
		{80ADF525-6318-426C-9E8B-A5E16E5C9784}.Debug|iPhoneSimulator.ActiveCfg = Debug|Any CPU
		{80ADF525-6318-426C-9E8B-A5E16E5C9784}.Debug|iPhoneSimulator.Build.0 = Debug|Any CPU
		{80ADF525-6318-426C-9E8B-A5E16E5C9784}.Release|Any CPU.ActiveCfg = Release|Any CPU
		{80ADF525-6318-426C-9E8B-A5E16E5C9784}.Release|Any CPU.Build.0 = Release|Any CPU
		{80ADF525-6318-426C-9E8B-A5E16E5C9784}.Release|iPhone.ActiveCfg = Release|Any CPU
		{80ADF525-6318-426C-9E8B-A5E16E5C9784}.Release|iPhone.Build.0 = Release|Any CPU
		{80ADF525-6318-426C-9E8B-A5E16E5C9784}.Release|iPhoneSimulator.ActiveCfg = Release|Any CPU
		{80ADF525-6318-426C-9E8B-A5E16E5C9784}.Release|iPhoneSimulator.Build.0 = Release|Any CPU
		{670C2990-2914-4BE0-B950-638957AAF61C}.Debug|Any CPU.ActiveCfg = Debug|Any CPU
		{670C2990-2914-4BE0-B950-638957AAF61C}.Debug|Any CPU.Build.0 = Debug|Any CPU
		{670C2990-2914-4BE0-B950-638957AAF61C}.Debug|iPhone.ActiveCfg = Debug|Any CPU
		{670C2990-2914-4BE0-B950-638957AAF61C}.Debug|iPhone.Build.0 = Debug|Any CPU
		{670C2990-2914-4BE0-B950-638957AAF61C}.Debug|iPhoneSimulator.ActiveCfg = Debug|Any CPU
		{670C2990-2914-4BE0-B950-638957AAF61C}.Debug|iPhoneSimulator.Build.0 = Debug|Any CPU
		{670C2990-2914-4BE0-B950-638957AAF61C}.Release|Any CPU.ActiveCfg = Release|Any CPU
		{670C2990-2914-4BE0-B950-638957AAF61C}.Release|Any CPU.Build.0 = Release|Any CPU
		{670C2990-2914-4BE0-B950-638957AAF61C}.Release|iPhone.ActiveCfg = Release|Any CPU
		{670C2990-2914-4BE0-B950-638957AAF61C}.Release|iPhone.Build.0 = Release|Any CPU
		{670C2990-2914-4BE0-B950-638957AAF61C}.Release|iPhoneSimulator.ActiveCfg = Release|Any CPU
		{670C2990-2914-4BE0-B950-638957AAF61C}.Release|iPhoneSimulator.Build.0 = Release|Any CPU
		{5C938175-FBC1-4F08-8ECE-90827BD341A7}.Debug|Any CPU.ActiveCfg = Debug|Any CPU
		{5C938175-FBC1-4F08-8ECE-90827BD341A7}.Debug|Any CPU.Build.0 = Debug|Any CPU
		{5C938175-FBC1-4F08-8ECE-90827BD341A7}.Debug|iPhone.ActiveCfg = Debug|Any CPU
		{5C938175-FBC1-4F08-8ECE-90827BD341A7}.Debug|iPhone.Build.0 = Debug|Any CPU
		{5C938175-FBC1-4F08-8ECE-90827BD341A7}.Debug|iPhoneSimulator.ActiveCfg = Debug|Any CPU
		{5C938175-FBC1-4F08-8ECE-90827BD341A7}.Debug|iPhoneSimulator.Build.0 = Debug|Any CPU
		{5C938175-FBC1-4F08-8ECE-90827BD341A7}.Release|Any CPU.ActiveCfg = Release|Any CPU
		{5C938175-FBC1-4F08-8ECE-90827BD341A7}.Release|Any CPU.Build.0 = Release|Any CPU
		{5C938175-FBC1-4F08-8ECE-90827BD341A7}.Release|iPhone.ActiveCfg = Release|Any CPU
		{5C938175-FBC1-4F08-8ECE-90827BD341A7}.Release|iPhone.Build.0 = Release|Any CPU
		{5C938175-FBC1-4F08-8ECE-90827BD341A7}.Release|iPhoneSimulator.ActiveCfg = Release|Any CPU
		{5C938175-FBC1-4F08-8ECE-90827BD341A7}.Release|iPhoneSimulator.Build.0 = Release|Any CPU
		{8BF44382-DF8A-4B2B-93CB-F6A9A68CD95C}.Debug|Any CPU.ActiveCfg = Debug|Any CPU
		{8BF44382-DF8A-4B2B-93CB-F6A9A68CD95C}.Debug|Any CPU.Build.0 = Debug|Any CPU
		{8BF44382-DF8A-4B2B-93CB-F6A9A68CD95C}.Debug|iPhone.ActiveCfg = Debug|Any CPU
		{8BF44382-DF8A-4B2B-93CB-F6A9A68CD95C}.Debug|iPhone.Build.0 = Debug|Any CPU
		{8BF44382-DF8A-4B2B-93CB-F6A9A68CD95C}.Debug|iPhoneSimulator.ActiveCfg = Debug|Any CPU
		{8BF44382-DF8A-4B2B-93CB-F6A9A68CD95C}.Debug|iPhoneSimulator.Build.0 = Debug|Any CPU
		{8BF44382-DF8A-4B2B-93CB-F6A9A68CD95C}.Release|Any CPU.ActiveCfg = Release|Any CPU
		{8BF44382-DF8A-4B2B-93CB-F6A9A68CD95C}.Release|Any CPU.Build.0 = Release|Any CPU
		{8BF44382-DF8A-4B2B-93CB-F6A9A68CD95C}.Release|iPhone.ActiveCfg = Release|Any CPU
		{8BF44382-DF8A-4B2B-93CB-F6A9A68CD95C}.Release|iPhone.Build.0 = Release|Any CPU
		{8BF44382-DF8A-4B2B-93CB-F6A9A68CD95C}.Release|iPhoneSimulator.ActiveCfg = Release|Any CPU
		{8BF44382-DF8A-4B2B-93CB-F6A9A68CD95C}.Release|iPhoneSimulator.Build.0 = Release|Any CPU
		{49537B5A-C6B7-4D36-845F-3F1279668C17}.Debug|Any CPU.ActiveCfg = Debug|Any CPU
		{49537B5A-C6B7-4D36-845F-3F1279668C17}.Debug|Any CPU.Build.0 = Debug|Any CPU
		{49537B5A-C6B7-4D36-845F-3F1279668C17}.Debug|iPhone.ActiveCfg = Debug|Any CPU
		{49537B5A-C6B7-4D36-845F-3F1279668C17}.Debug|iPhone.Build.0 = Debug|Any CPU
		{49537B5A-C6B7-4D36-845F-3F1279668C17}.Debug|iPhoneSimulator.ActiveCfg = Debug|Any CPU
		{49537B5A-C6B7-4D36-845F-3F1279668C17}.Debug|iPhoneSimulator.Build.0 = Debug|Any CPU
		{49537B5A-C6B7-4D36-845F-3F1279668C17}.Release|Any CPU.ActiveCfg = Release|Any CPU
		{49537B5A-C6B7-4D36-845F-3F1279668C17}.Release|Any CPU.Build.0 = Release|Any CPU
		{49537B5A-C6B7-4D36-845F-3F1279668C17}.Release|iPhone.ActiveCfg = Release|Any CPU
		{49537B5A-C6B7-4D36-845F-3F1279668C17}.Release|iPhone.Build.0 = Release|Any CPU
		{49537B5A-C6B7-4D36-845F-3F1279668C17}.Release|iPhoneSimulator.ActiveCfg = Release|Any CPU
		{49537B5A-C6B7-4D36-845F-3F1279668C17}.Release|iPhoneSimulator.Build.0 = Release|Any CPU
		{C3C2E7B0-C744-4E49-97A1-545CAE6D635F}.Debug|Any CPU.ActiveCfg = Debug|Any CPU
		{C3C2E7B0-C744-4E49-97A1-545CAE6D635F}.Debug|Any CPU.Build.0 = Debug|Any CPU
		{C3C2E7B0-C744-4E49-97A1-545CAE6D635F}.Debug|iPhone.ActiveCfg = Debug|Any CPU
		{C3C2E7B0-C744-4E49-97A1-545CAE6D635F}.Debug|iPhone.Build.0 = Debug|Any CPU
		{C3C2E7B0-C744-4E49-97A1-545CAE6D635F}.Debug|iPhoneSimulator.ActiveCfg = Debug|Any CPU
		{C3C2E7B0-C744-4E49-97A1-545CAE6D635F}.Debug|iPhoneSimulator.Build.0 = Debug|Any CPU
		{C3C2E7B0-C744-4E49-97A1-545CAE6D635F}.Release|Any CPU.ActiveCfg = Release|Any CPU
		{C3C2E7B0-C744-4E49-97A1-545CAE6D635F}.Release|Any CPU.Build.0 = Release|Any CPU
		{C3C2E7B0-C744-4E49-97A1-545CAE6D635F}.Release|iPhone.ActiveCfg = Release|Any CPU
		{C3C2E7B0-C744-4E49-97A1-545CAE6D635F}.Release|iPhone.Build.0 = Release|Any CPU
		{C3C2E7B0-C744-4E49-97A1-545CAE6D635F}.Release|iPhoneSimulator.ActiveCfg = Release|Any CPU
		{C3C2E7B0-C744-4E49-97A1-545CAE6D635F}.Release|iPhoneSimulator.Build.0 = Release|Any CPU
		{01B416AD-BE09-485D-8D91-C2E96E136FC4}.Debug|Any CPU.ActiveCfg = Debug|Any CPU
		{01B416AD-BE09-485D-8D91-C2E96E136FC4}.Debug|Any CPU.Build.0 = Debug|Any CPU
		{01B416AD-BE09-485D-8D91-C2E96E136FC4}.Debug|iPhone.ActiveCfg = Debug|Any CPU
		{01B416AD-BE09-485D-8D91-C2E96E136FC4}.Debug|iPhone.Build.0 = Debug|Any CPU
		{01B416AD-BE09-485D-8D91-C2E96E136FC4}.Debug|iPhoneSimulator.ActiveCfg = Debug|Any CPU
		{01B416AD-BE09-485D-8D91-C2E96E136FC4}.Debug|iPhoneSimulator.Build.0 = Debug|Any CPU
		{01B416AD-BE09-485D-8D91-C2E96E136FC4}.Release|Any CPU.ActiveCfg = Release|Any CPU
		{01B416AD-BE09-485D-8D91-C2E96E136FC4}.Release|Any CPU.Build.0 = Release|Any CPU
		{01B416AD-BE09-485D-8D91-C2E96E136FC4}.Release|iPhone.ActiveCfg = Release|Any CPU
		{01B416AD-BE09-485D-8D91-C2E96E136FC4}.Release|iPhone.Build.0 = Release|Any CPU
		{01B416AD-BE09-485D-8D91-C2E96E136FC4}.Release|iPhoneSimulator.ActiveCfg = Release|Any CPU
		{01B416AD-BE09-485D-8D91-C2E96E136FC4}.Release|iPhoneSimulator.Build.0 = Release|Any CPU
	EndGlobalSection
	GlobalSection(SolutionProperties) = preSolution
		HideSolutionNode = FALSE
	EndGlobalSection
	GlobalSection(ExtensibilityGlobals) = postSolution
		SolutionGuid = {EB13B7C9-D6FA-4F7D-B512-6801589BC299}
	EndGlobalSection
EndGlobal
