
Microsoft Visual Studio Solution File, Format Version 12.00
# Visual Studio Version 17
VisualStudioVersion = 17.8.34408.163
MinimumVisualStudioVersion = 10.0.40219.1
Project("{9A19103F-16F7-4668-BE54-9A1E7A4F7556}") = "CommunicationApp", "CommunicationApp.csproj", "{7F41047C-20EF-44BA-86D6-2F6D101ABC17}"
EndProject
Project("{9A19103F-16F7-4668-BE54-9A1E7A4F7556}") = "SignalRChat", "..\..\SignalRChat\SignalRChat.csproj", "{1ABF4357-3556-4F3E-A383-DF38B6286200}"
EndProject
Project("{FAE04EC0-301F-11D3-BF4B-00C04F79EFBC}") = "BlazorServerSignalRApp", "..\BlazorServerSignalRApp\BlazorServerSignalRApp.csproj", "{D64ABCC1-A497-483E-8209-751F5E4A884F}"
EndProject
Project("{FAE04EC0-301F-11D3-BF4B-00C04F79EFBC}") = "BlazorSignalRApp", "..\BlazorSignalRApp\BlazorSignalRApp.csproj", "{0662440F-44E5-4A2D-A244-75E6C99616D8}"
EndProject
Project("{FAE04EC0-301F-11D3-BF4B-00C04F79EFBC}") = "SignalRApiDemo", "..\SignalRApiDemo\SignalRApiDemo.csproj", "{B2D91C44-D35D-4E97-A67C-3030269377A0}"
EndProject
Global
	GlobalSection(SolutionConfigurationPlatforms) = preSolution
		Debug|Any CPU = Debug|Any CPU
		Release|Any CPU = Release|Any CPU
	EndGlobalSection
	GlobalSection(ProjectConfigurationPlatforms) = postSolution
		{7F41047C-20EF-44BA-86D6-2F6D101ABC17}.Debug|Any CPU.ActiveCfg = Debug|Any CPU
		{7F41047C-20EF-44BA-86D6-2F6D101ABC17}.Debug|Any CPU.Build.0 = Debug|Any CPU
		{7F41047C-20EF-44BA-86D6-2F6D101ABC17}.Release|Any CPU.ActiveCfg = Release|Any CPU
		{7F41047C-20EF-44BA-86D6-2F6D101ABC17}.Release|Any CPU.Build.0 = Release|Any CPU
		{1ABF4357-3556-4F3E-A383-DF38B6286200}.Debug|Any CPU.ActiveCfg = Debug|Any CPU
		{1ABF4357-3556-4F3E-A383-DF38B6286200}.Debug|Any CPU.Build.0 = Debug|Any CPU
		{1ABF4357-3556-4F3E-A383-DF38B6286200}.Release|Any CPU.ActiveCfg = Release|Any CPU
		{1ABF4357-3556-4F3E-A383-DF38B6286200}.Release|Any CPU.Build.0 = Release|Any CPU
		{D64ABCC1-A497-483E-8209-751F5E4A884F}.Debug|Any CPU.ActiveCfg = Debug|Any CPU
		{D64ABCC1-A497-483E-8209-751F5E4A884F}.Debug|Any CPU.Build.0 = Debug|Any CPU
		{D64ABCC1-A497-483E-8209-751F5E4A884F}.Release|Any CPU.ActiveCfg = Release|Any CPU
		{D64ABCC1-A497-483E-8209-751F5E4A884F}.Release|Any CPU.Build.0 = Release|Any CPU
		{0662440F-44E5-4A2D-A244-75E6C99616D8}.Debug|Any CPU.ActiveCfg = Debug|Any CPU
		{0662440F-44E5-4A2D-A244-75E6C99616D8}.Debug|Any CPU.Build.0 = Debug|Any CPU
		{0662440F-44E5-4A2D-A244-75E6C99616D8}.Release|Any CPU.ActiveCfg = Release|Any CPU
		{0662440F-44E5-4A2D-A244-75E6C99616D8}.Release|Any CPU.Build.0 = Release|Any CPU
		{B2D91C44-D35D-4E97-A67C-3030269377A0}.Debug|Any CPU.ActiveCfg = Debug|Any CPU
		{B2D91C44-D35D-4E97-A67C-3030269377A0}.Debug|Any CPU.Build.0 = Debug|Any CPU
		{B2D91C44-D35D-4E97-A67C-3030269377A0}.Release|Any CPU.ActiveCfg = Release|Any CPU
		{B2D91C44-D35D-4E97-A67C-3030269377A0}.Release|Any CPU.Build.0 = Release|Any CPU
	EndGlobalSection
	GlobalSection(SolutionProperties) = preSolution
		HideSolutionNode = FALSE
	EndGlobalSection
	GlobalSection(ExtensibilityGlobals) = postSolution
		SolutionGuid = {D0DD8BBC-3234-4BFA-9911-D236D53AE7FE}
	EndGlobalSection
EndGlobal
